// !$*UTF8*$!
{
	archiveVersion = 1;
	classes = {
	};
	objectVersion = 56;
	objects = {

/* Begin PBXBuildFile section */
		13054AEB2905689D00BD1306 /* Gym_AppApp.swift in Sources */ = {isa = PBXBuildFile; fileRef = 13054AEA2905689D00BD1306 /* Gym_AppApp.swift */; };
		13054AED2905689D00BD1306 /* AppTabView.swift in Sources */ = {isa = PBXBuildFile; fileRef = 13054AEC2905689D00BD1306 /* AppTabView.swift */; };
		13054AEF2905689E00BD1306 /* Assets.xcassets in Resources */ = {isa = PBXBuildFile; fileRef = 13054AEE2905689E00BD1306 /* Assets.xcassets */; };
		13054AFC2905689E00BD1306 /* Gym_AppTests.swift in Sources */ = {isa = PBXBuildFile; fileRef = 13054AFB2905689E00BD1306 /* Gym_AppTests.swift */; };
		13054B062905689E00BD1306 /* Gym_AppUITests.swift in Sources */ = {isa = PBXBuildFile; fileRef = 13054B052905689E00BD1306 /* Gym_AppUITests.swift */; };
		13054B082905689E00BD1306 /* Gym_AppUITestsLaunchTests.swift in Sources */ = {isa = PBXBuildFile; fileRef = 13054B072905689E00BD1306 /* Gym_AppUITestsLaunchTests.swift */; };
		13054B1629056D1500BD1306 /* WorkoutView.swift in Sources */ = {isa = PBXBuildFile; fileRef = 13054B1529056D1500BD1306 /* WorkoutView.swift */; };
		13054B18290570A300BD1306 /* WorkoutHome.swift in Sources */ = {isa = PBXBuildFile; fileRef = 13054B17290570A300BD1306 /* WorkoutHome.swift */; };
		13054B1A2905716500BD1306 /* AddWorkoutView.swift in Sources */ = {isa = PBXBuildFile; fileRef = 13054B192905716500BD1306 /* AddWorkoutView.swift */; };
		13054B2429057D5E00BD1306 /* WorkoutView_ViewModel.swift in Sources */ = {isa = PBXBuildFile; fileRef = 13054B2329057D5E00BD1306 /* WorkoutView_ViewModel.swift */; };
		13054B282905812F00BD1306 /* AddExerciseView.swift in Sources */ = {isa = PBXBuildFile; fileRef = 13054B272905812F00BD1306 /* AddExerciseView.swift */; };
		13054B2B2905820B00BD1306 /* Workout.swift in Sources */ = {isa = PBXBuildFile; fileRef = 13054B2A2905820B00BD1306 /* Workout.swift */; };
		AF147C0E2A7E8F3E00095427 /* WorkoutHome_ViewModel.swift in Sources */ = {isa = PBXBuildFile; fileRef = AF147C0D2A7E8F3E00095427 /* WorkoutHome_ViewModel.swift */; };
		AF147C102A7E92BD00095427 /* AppDelegate.swift in Sources */ = {isa = PBXBuildFile; fileRef = AF147C0F2A7E92BD00095427 /* AppDelegate.swift */; };
		AF147C122A7E950000095427 /* AppState.swift in Sources */ = {isa = PBXBuildFile; fileRef = AF147C112A7E950000095427 /* AppState.swift */; };
		AF147C142A802A8800095427 /* Exercises.swift in Sources */ = {isa = PBXBuildFile; fileRef = AF147C132A802A8800095427 /* Exercises.swift */; };
		AF147C212A853D2900095427 /* LearnView.swift in Sources */ = {isa = PBXBuildFile; fileRef = AF147C202A853D2900095427 /* LearnView.swift */; };
		AF147C232A853D6900095427 /* ProfileView.swift in Sources */ = {isa = PBXBuildFile; fileRef = AF147C222A853D6900095427 /* ProfileView.swift */; };
		AF147C252A853D9D00095427 /* Colors.swift in Sources */ = {isa = PBXBuildFile; fileRef = AF147C242A853D9D00095427 /* Colors.swift */; };
		AF147C282A8542A300095427 /* Storage.swift in Sources */ = {isa = PBXBuildFile; fileRef = AF147C272A8542A300095427 /* Storage.swift */; };
		AF147C2D2A8553BE00095427 /* AddExercise.swift in Sources */ = {isa = PBXBuildFile; fileRef = AF147C2C2A8553BE00095427 /* AddExercise.swift */; };
		AF147C302A8558A100095427 /* AppConstants.swift in Sources */ = {isa = PBXBuildFile; fileRef = AF147C2F2A8558A100095427 /* AppConstants.swift */; };
		AF2E72232A8B5F0A00536069 /* FinishedWorkouts.swift in Sources */ = {isa = PBXBuildFile; fileRef = AF2E72222A8B5F0A00536069 /* FinishedWorkouts.swift */; };
		AF2E72262A8B603700536069 /* FinishedWorkouts_ViewModel.swift in Sources */ = {isa = PBXBuildFile; fileRef = AF2E72252A8B603700536069 /* FinishedWorkouts_ViewModel.swift */; };
		AF2E72282A8B625900536069 /* IntExstension.swift in Sources */ = {isa = PBXBuildFile; fileRef = AF2E72272A8B625900536069 /* IntExstension.swift */; };
		AF2E722B2A8B735000536069 /* DoneWorkoutScreen.swift in Sources */ = {isa = PBXBuildFile; fileRef = AF2E722A2A8B735000536069 /* DoneWorkoutScreen.swift */; };
		AF2E722F2A8B736E00536069 /* DoneWorkoutScreen_ViewModel.swift in Sources */ = {isa = PBXBuildFile; fileRef = AF2E722E2A8B736E00536069 /* DoneWorkoutScreen_ViewModel.swift */; };
		AF2E72322A8B781000536069 /* NotificationManager.swift in Sources */ = {isa = PBXBuildFile; fileRef = AF2E72312A8B780F00536069 /* NotificationManager.swift */; };
		AF476A8F2AA230B2000ACC73 /* WeeklyStatistics_ViewModel.swift in Sources */ = {isa = PBXBuildFile; fileRef = AF476A8E2AA230B2000ACC73 /* WeeklyStatistics_ViewModel.swift */; };
		AF76DD6C2A7859360014A075 /* RepCell.swift in Sources */ = {isa = PBXBuildFile; fileRef = AF76DD6B2A7859360014A075 /* RepCell.swift */; };
		AF76DD6E2A7866F00014A075 /* ListFinishedWorkouts.swift in Sources */ = {isa = PBXBuildFile; fileRef = AF76DD6D2A7866F00014A075 /* ListFinishedWorkouts.swift */; };
		AF97A03D2A8D335E005745F1 /* SwiftUI.framework in Frameworks */ = {isa = PBXBuildFile; fileRef = AF97A03C2A8D335E005745F1 /* SwiftUI.framework */; };
		AF97A0402A8D335E005745F1 /* AppWidgetBundle.swift in Sources */ = {isa = PBXBuildFile; fileRef = AF97A03F2A8D335E005745F1 /* AppWidgetBundle.swift */; };
		AF97A0422A8D335E005745F1 /* AppWidget.swift in Sources */ = {isa = PBXBuildFile; fileRef = AF97A0412A8D335E005745F1 /* AppWidget.swift */; };
		AF97A0452A8D3360005745F1 /* Assets.xcassets in Resources */ = {isa = PBXBuildFile; fileRef = AF97A0442A8D3360005745F1 /* Assets.xcassets */; };
		AF97A0472A8D3360005745F1 /* AppWidget.intentdefinition in Sources */ = {isa = PBXBuildFile; fileRef = AF97A0432A8D335E005745F1 /* AppWidget.intentdefinition */; };
		AF97A0482A8D3360005745F1 /* AppWidget.intentdefinition in Sources */ = {isa = PBXBuildFile; fileRef = AF97A0432A8D335E005745F1 /* AppWidget.intentdefinition */; };
		AF97A04B2A8D3360005745F1 /* AppWidgetExtension.appex in Embed Foundation Extensions */ = {isa = PBXBuildFile; fileRef = AF97A0382A8D335E005745F1 /* AppWidgetExtension.appex */; settings = {ATTRIBUTES = (RemoveHeadersOnCopy, ); }; };
		AF97A06C2A8D3876005745F1 /* SharedFramework.h in Headers */ = {isa = PBXBuildFile; fileRef = AF97A06B2A8D3876005745F1 /* SharedFramework.h */; settings = {ATTRIBUTES = (Public, ); }; };
		AF97A06F2A8D3876005745F1 /* SharedFramework.framework in Frameworks */ = {isa = PBXBuildFile; fileRef = AF97A0692A8D3876005745F1 /* SharedFramework.framework */; };
		AF97A0702A8D3876005745F1 /* SharedFramework.framework in Embed Frameworks */ = {isa = PBXBuildFile; fileRef = AF97A0692A8D3876005745F1 /* SharedFramework.framework */; settings = {ATTRIBUTES = (RemoveHeadersOnCopy, ); }; };
		AF97A0742A8D38B6005745F1 /* Gym-App.app in Headers */ = {isa = PBXBuildFile; fileRef = 13054AE72905689D00BD1306 /* Gym-App.app */; };
		AF97A0752A8D38C8005745F1 /* AppWidgetExtension.appex in Headers */ = {isa = PBXBuildFile; fileRef = AF97A0382A8D335E005745F1 /* AppWidgetExtension.appex */; };
		AF97A0772A8D38DF005745F1 /* Storage.swift in Sources */ = {isa = PBXBuildFile; fileRef = AF97A0762A8D38DF005745F1 /* Storage.swift */; };
		AF97A0882A8D3A7C005745F1 /* WidgetKit.framework in Frameworks */ = {isa = PBXBuildFile; fileRef = AF97A03A2A8D335E005745F1 /* WidgetKit.framework */; };
		AF97A0892A8D3A7C005745F1 /* WidgetKit.framework in Embed Frameworks */ = {isa = PBXBuildFile; fileRef = AF97A03A2A8D335E005745F1 /* WidgetKit.framework */; settings = {ATTRIBUTES = (RemoveHeadersOnCopy, ); }; };
		AF97A08F2A8D3E47005745F1 /* Workout.swift in Sources */ = {isa = PBXBuildFile; fileRef = AF97A08E2A8D3E47005745F1 /* Workout.swift */; };
		AF97A0902A8D3E6F005745F1 /* Exercise.swift in Sources */ = {isa = PBXBuildFile; fileRef = 13054B212905773A00BD1306 /* Exercise.swift */; };
		AF97A0912A8D3EA7005745F1 /* Repetition.swift in Sources */ = {isa = PBXBuildFile; fileRef = AF76DD682A784BA70014A075 /* Repetition.swift */; };
		AF97A0932A8D411F005745F1 /* Extension.swift in Sources */ = {isa = PBXBuildFile; fileRef = AF97A0922A8D411F005745F1 /* Extension.swift */; };
		AF97A0972A993FE5005745F1 /* AppTheme.swift in Sources */ = {isa = PBXBuildFile; fileRef = AF97A0962A993FE5005745F1 /* AppTheme.swift */; };
		AFB50A192A9BEF2400436AD3 /* WeekWorkoutTimeChart.swift in Sources */ = {isa = PBXBuildFile; fileRef = AFB50A182A9BEF2400436AD3 /* WeekWorkoutTimeChart.swift */; };
		AFB50A1C2A9BF03C00436AD3 /* WeeklyStatisticsView.swift in Sources */ = {isa = PBXBuildFile; fileRef = AFB50A1B2A9BF03C00436AD3 /* WeeklyStatisticsView.swift */; };
		AFC34D8C2A88C8E800F91C05 /* StartWorkoutView.swift in Sources */ = {isa = PBXBuildFile; fileRef = AFC34D8B2A88C8E800F91C05 /* StartWorkoutView.swift */; };
		AFC34D8E2A88C90200F91C05 /* StartWorkoutView_ViewModel.swift in Sources */ = {isa = PBXBuildFile; fileRef = AFC34D8D2A88C90200F91C05 /* StartWorkoutView_ViewModel.swift */; };
		AFC34D912A890E7000F91C05 /* DateExtension.swift in Sources */ = {isa = PBXBuildFile; fileRef = AFC34D902A890E7000F91C05 /* DateExtension.swift */; };
		AFDD59552AE67A0A0029DAA1 /* AddExercise_ViewModel.swift in Sources */ = {isa = PBXBuildFile; fileRef = AFDD59542AE67A0A0029DAA1 /* AddExercise_ViewModel.swift */; };
/* End PBXBuildFile section */

/* Begin PBXContainerItemProxy section */
		13054AF82905689E00BD1306 /* PBXContainerItemProxy */ = {
			isa = PBXContainerItemProxy;
			containerPortal = 13054ADF2905689D00BD1306 /* Project object */;
			proxyType = 1;
			remoteGlobalIDString = 13054AE62905689D00BD1306;
			remoteInfo = "Gym-App";
		};
		13054B022905689E00BD1306 /* PBXContainerItemProxy */ = {
			isa = PBXContainerItemProxy;
			containerPortal = 13054ADF2905689D00BD1306 /* Project object */;
			proxyType = 1;
			remoteGlobalIDString = 13054AE62905689D00BD1306;
			remoteInfo = "Gym-App";
		};
		AF97A0492A8D3360005745F1 /* PBXContainerItemProxy */ = {
			isa = PBXContainerItemProxy;
			containerPortal = 13054ADF2905689D00BD1306 /* Project object */;
			proxyType = 1;
			remoteGlobalIDString = AF97A0372A8D335E005745F1;
			remoteInfo = AppWidgetExtension;
		};
		AF97A06D2A8D3876005745F1 /* PBXContainerItemProxy */ = {
			isa = PBXContainerItemProxy;
			containerPortal = 13054ADF2905689D00BD1306 /* Project object */;
			proxyType = 1;
			remoteGlobalIDString = AF97A0682A8D3876005745F1;
			remoteInfo = SharedFramework;
		};
/* End PBXContainerItemProxy section */

/* Begin PBXCopyFilesBuildPhase section */
		AF97A04C2A8D3360005745F1 /* Embed Foundation Extensions */ = {
			isa = PBXCopyFilesBuildPhase;
			buildActionMask = 2147483647;
			dstPath = "";
			dstSubfolderSpec = 13;
			files = (
				AF97A04B2A8D3360005745F1 /* AppWidgetExtension.appex in Embed Foundation Extensions */,
			);
			name = "Embed Foundation Extensions";
			runOnlyForDeploymentPostprocessing = 0;
		};
		AF97A0612A8D3799005745F1 /* Embed Frameworks */ = {
			isa = PBXCopyFilesBuildPhase;
			buildActionMask = 2147483647;
			dstPath = "";
			dstSubfolderSpec = 10;
			files = (
				AF97A0702A8D3876005745F1 /* SharedFramework.framework in Embed Frameworks */,
			);
			name = "Embed Frameworks";
			runOnlyForDeploymentPostprocessing = 0;
		};
		AF97A08A2A8D3A7C005745F1 /* Embed Frameworks */ = {
			isa = PBXCopyFilesBuildPhase;
			buildActionMask = 2147483647;
			dstPath = "";
			dstSubfolderSpec = 10;
			files = (
				AF97A0892A8D3A7C005745F1 /* WidgetKit.framework in Embed Frameworks */,
			);
			name = "Embed Frameworks";
			runOnlyForDeploymentPostprocessing = 0;
		};
/* End PBXCopyFilesBuildPhase section */

/* Begin PBXFileReference section */
		13054AE72905689D00BD1306 /* Gym-App.app */ = {isa = PBXFileReference; explicitFileType = wrapper.application; includeInIndex = 0; path = "Gym-App.app"; sourceTree = BUILT_PRODUCTS_DIR; };
		13054AEA2905689D00BD1306 /* Gym_AppApp.swift */ = {isa = PBXFileReference; lastKnownFileType = sourcecode.swift; path = Gym_AppApp.swift; sourceTree = "<group>"; };
		13054AEC2905689D00BD1306 /* AppTabView.swift */ = {isa = PBXFileReference; lastKnownFileType = sourcecode.swift; path = AppTabView.swift; sourceTree = "<group>"; };
		13054AEE2905689E00BD1306 /* Assets.xcassets */ = {isa = PBXFileReference; lastKnownFileType = folder.assetcatalog; path = Assets.xcassets; sourceTree = "<group>"; };
		13054AF72905689E00BD1306 /* Gym-AppTests.xctest */ = {isa = PBXFileReference; explicitFileType = wrapper.cfbundle; includeInIndex = 0; path = "Gym-AppTests.xctest"; sourceTree = BUILT_PRODUCTS_DIR; };
		13054AFB2905689E00BD1306 /* Gym_AppTests.swift */ = {isa = PBXFileReference; lastKnownFileType = sourcecode.swift; path = Gym_AppTests.swift; sourceTree = "<group>"; };
		13054B012905689E00BD1306 /* Gym-AppUITests.xctest */ = {isa = PBXFileReference; explicitFileType = wrapper.cfbundle; includeInIndex = 0; path = "Gym-AppUITests.xctest"; sourceTree = BUILT_PRODUCTS_DIR; };
		13054B052905689E00BD1306 /* Gym_AppUITests.swift */ = {isa = PBXFileReference; lastKnownFileType = sourcecode.swift; path = Gym_AppUITests.swift; sourceTree = "<group>"; };
		13054B072905689E00BD1306 /* Gym_AppUITestsLaunchTests.swift */ = {isa = PBXFileReference; lastKnownFileType = sourcecode.swift; path = Gym_AppUITestsLaunchTests.swift; sourceTree = "<group>"; };
		13054B1529056D1500BD1306 /* WorkoutView.swift */ = {isa = PBXFileReference; lastKnownFileType = sourcecode.swift; path = WorkoutView.swift; sourceTree = "<group>"; };
		13054B17290570A300BD1306 /* WorkoutHome.swift */ = {isa = PBXFileReference; lastKnownFileType = sourcecode.swift; path = WorkoutHome.swift; sourceTree = "<group>"; };
		13054B192905716500BD1306 /* AddWorkoutView.swift */ = {isa = PBXFileReference; lastKnownFileType = sourcecode.swift; path = AddWorkoutView.swift; sourceTree = "<group>"; };
		13054B212905773A00BD1306 /* Exercise.swift */ = {isa = PBXFileReference; lastKnownFileType = sourcecode.swift; path = Exercise.swift; sourceTree = "<group>"; };
		13054B2329057D5E00BD1306 /* WorkoutView_ViewModel.swift */ = {isa = PBXFileReference; lastKnownFileType = sourcecode.swift; path = WorkoutView_ViewModel.swift; sourceTree = "<group>"; };
		13054B272905812F00BD1306 /* AddExerciseView.swift */ = {isa = PBXFileReference; lastKnownFileType = sourcecode.swift; path = AddExerciseView.swift; sourceTree = "<group>"; };
		13054B2A2905820B00BD1306 /* Workout.swift */ = {isa = PBXFileReference; lastKnownFileType = sourcecode.swift; path = Workout.swift; sourceTree = "<group>"; };
		AF147C0D2A7E8F3E00095427 /* WorkoutHome_ViewModel.swift */ = {isa = PBXFileReference; lastKnownFileType = sourcecode.swift; path = WorkoutHome_ViewModel.swift; sourceTree = "<group>"; };
		AF147C0F2A7E92BD00095427 /* AppDelegate.swift */ = {isa = PBXFileReference; lastKnownFileType = sourcecode.swift; path = AppDelegate.swift; sourceTree = "<group>"; };
		AF147C112A7E950000095427 /* AppState.swift */ = {isa = PBXFileReference; lastKnownFileType = sourcecode.swift; name = AppState.swift; path = "Gym-App/Utils/AppState.swift"; sourceTree = SOURCE_ROOT; };
		AF147C132A802A8800095427 /* Exercises.swift */ = {isa = PBXFileReference; lastKnownFileType = sourcecode.swift; path = Exercises.swift; sourceTree = "<group>"; };
		AF147C202A853D2900095427 /* LearnView.swift */ = {isa = PBXFileReference; lastKnownFileType = sourcecode.swift; name = LearnView.swift; path = "Gym-App/UI/LearnView.swift"; sourceTree = SOURCE_ROOT; };
		AF147C222A853D6900095427 /* ProfileView.swift */ = {isa = PBXFileReference; lastKnownFileType = sourcecode.swift; path = ProfileView.swift; sourceTree = "<group>"; };
		AF147C242A853D9D00095427 /* Colors.swift */ = {isa = PBXFileReference; lastKnownFileType = sourcecode.swift; path = Colors.swift; sourceTree = "<group>"; };
		AF147C272A8542A300095427 /* Storage.swift */ = {isa = PBXFileReference; lastKnownFileType = sourcecode.swift; path = Storage.swift; sourceTree = "<group>"; };
		AF147C2C2A8553BE00095427 /* AddExercise.swift */ = {isa = PBXFileReference; lastKnownFileType = sourcecode.swift; path = AddExercise.swift; sourceTree = "<group>"; };
		AF147C2F2A8558A100095427 /* AppConstants.swift */ = {isa = PBXFileReference; lastKnownFileType = sourcecode.swift; path = AppConstants.swift; sourceTree = "<group>"; };
		AF2E72212A8B5CC800536069 /* Info.plist */ = {isa = PBXFileReference; lastKnownFileType = text.plist; path = Info.plist; sourceTree = "<group>"; };
		AF2E72222A8B5F0A00536069 /* FinishedWorkouts.swift */ = {isa = PBXFileReference; lastKnownFileType = sourcecode.swift; path = FinishedWorkouts.swift; sourceTree = "<group>"; };
		AF2E72252A8B603700536069 /* FinishedWorkouts_ViewModel.swift */ = {isa = PBXFileReference; lastKnownFileType = sourcecode.swift; path = FinishedWorkouts_ViewModel.swift; sourceTree = "<group>"; };
		AF2E72272A8B625900536069 /* IntExstension.swift */ = {isa = PBXFileReference; lastKnownFileType = sourcecode.swift; path = IntExstension.swift; sourceTree = "<group>"; };
		AF2E722A2A8B735000536069 /* DoneWorkoutScreen.swift */ = {isa = PBXFileReference; lastKnownFileType = sourcecode.swift; path = DoneWorkoutScreen.swift; sourceTree = "<group>"; };
		AF2E722E2A8B736E00536069 /* DoneWorkoutScreen_ViewModel.swift */ = {isa = PBXFileReference; lastKnownFileType = sourcecode.swift; path = DoneWorkoutScreen_ViewModel.swift; sourceTree = "<group>"; };
		AF2E72312A8B780F00536069 /* NotificationManager.swift */ = {isa = PBXFileReference; lastKnownFileType = sourcecode.swift; path = NotificationManager.swift; sourceTree = "<group>"; };
		AF476A8E2AA230B2000ACC73 /* WeeklyStatistics_ViewModel.swift */ = {isa = PBXFileReference; lastKnownFileType = sourcecode.swift; path = WeeklyStatistics_ViewModel.swift; sourceTree = "<group>"; };
		AF76DD682A784BA70014A075 /* Repetition.swift */ = {isa = PBXFileReference; lastKnownFileType = sourcecode.swift; path = Repetition.swift; sourceTree = "<group>"; };
		AF76DD6B2A7859360014A075 /* RepCell.swift */ = {isa = PBXFileReference; lastKnownFileType = sourcecode.swift; path = RepCell.swift; sourceTree = "<group>"; };
		AF76DD6D2A7866F00014A075 /* ListFinishedWorkouts.swift */ = {isa = PBXFileReference; lastKnownFileType = sourcecode.swift; path = ListFinishedWorkouts.swift; sourceTree = "<group>"; };
		AF97A0382A8D335E005745F1 /* AppWidgetExtension.appex */ = {isa = PBXFileReference; explicitFileType = "wrapper.app-extension"; includeInIndex = 0; path = AppWidgetExtension.appex; sourceTree = BUILT_PRODUCTS_DIR; };
		AF97A03A2A8D335E005745F1 /* WidgetKit.framework */ = {isa = PBXFileReference; lastKnownFileType = wrapper.framework; name = WidgetKit.framework; path = System/Library/Frameworks/WidgetKit.framework; sourceTree = SDKROOT; };
		AF97A03C2A8D335E005745F1 /* SwiftUI.framework */ = {isa = PBXFileReference; lastKnownFileType = wrapper.framework; name = SwiftUI.framework; path = System/Library/Frameworks/SwiftUI.framework; sourceTree = SDKROOT; };
		AF97A03F2A8D335E005745F1 /* AppWidgetBundle.swift */ = {isa = PBXFileReference; lastKnownFileType = sourcecode.swift; path = AppWidgetBundle.swift; sourceTree = "<group>"; };
		AF97A0412A8D335E005745F1 /* AppWidget.swift */ = {isa = PBXFileReference; lastKnownFileType = sourcecode.swift; path = AppWidget.swift; sourceTree = "<group>"; };
		AF97A0432A8D335E005745F1 /* AppWidget.intentdefinition */ = {isa = PBXFileReference; lastKnownFileType = file.intentdefinition; path = AppWidget.intentdefinition; sourceTree = "<group>"; };
		AF97A0442A8D3360005745F1 /* Assets.xcassets */ = {isa = PBXFileReference; lastKnownFileType = folder.assetcatalog; path = Assets.xcassets; sourceTree = "<group>"; };
		AF97A0462A8D3360005745F1 /* Info.plist */ = {isa = PBXFileReference; lastKnownFileType = text.plist.xml; path = Info.plist; sourceTree = "<group>"; };
		AF97A0692A8D3876005745F1 /* SharedFramework.framework */ = {isa = PBXFileReference; explicitFileType = wrapper.framework; includeInIndex = 0; path = SharedFramework.framework; sourceTree = BUILT_PRODUCTS_DIR; };
		AF97A06B2A8D3876005745F1 /* SharedFramework.h */ = {isa = PBXFileReference; lastKnownFileType = sourcecode.c.h; path = SharedFramework.h; sourceTree = "<group>"; };
		AF97A0762A8D38DF005745F1 /* Storage.swift */ = {isa = PBXFileReference; lastKnownFileType = sourcecode.swift; path = Storage.swift; sourceTree = "<group>"; };
		AF97A08E2A8D3E47005745F1 /* Workout.swift */ = {isa = PBXFileReference; lastKnownFileType = sourcecode.swift; path = Workout.swift; sourceTree = "<group>"; };
		AF97A0922A8D411F005745F1 /* Extension.swift */ = {isa = PBXFileReference; lastKnownFileType = sourcecode.swift; path = Extension.swift; sourceTree = "<group>"; };
		AF97A0942A8D4D95005745F1 /* Gym-App.entitlements */ = {isa = PBXFileReference; lastKnownFileType = text.plist.entitlements; path = "Gym-App.entitlements"; sourceTree = "<group>"; };
		AF97A0952A8D4E11005745F1 /* AppWidgetExtension.entitlements */ = {isa = PBXFileReference; lastKnownFileType = text.plist.entitlements; path = AppWidgetExtension.entitlements; sourceTree = "<group>"; };
		AF97A0962A993FE5005745F1 /* AppTheme.swift */ = {isa = PBXFileReference; lastKnownFileType = sourcecode.swift; path = AppTheme.swift; sourceTree = "<group>"; };
		AFB50A182A9BEF2400436AD3 /* WeekWorkoutTimeChart.swift */ = {isa = PBXFileReference; lastKnownFileType = sourcecode.swift; path = WeekWorkoutTimeChart.swift; sourceTree = "<group>"; };
		AFB50A1B2A9BF03C00436AD3 /* WeeklyStatisticsView.swift */ = {isa = PBXFileReference; lastKnownFileType = sourcecode.swift; path = WeeklyStatisticsView.swift; sourceTree = "<group>"; };
		AFC34D8B2A88C8E800F91C05 /* StartWorkoutView.swift */ = {isa = PBXFileReference; lastKnownFileType = sourcecode.swift; path = StartWorkoutView.swift; sourceTree = "<group>"; };
		AFC34D8D2A88C90200F91C05 /* StartWorkoutView_ViewModel.swift */ = {isa = PBXFileReference; lastKnownFileType = sourcecode.swift; path = StartWorkoutView_ViewModel.swift; sourceTree = "<group>"; };
		AFC34D902A890E7000F91C05 /* DateExtension.swift */ = {isa = PBXFileReference; lastKnownFileType = sourcecode.swift; path = DateExtension.swift; sourceTree = "<group>"; };
		AFDD59542AE67A0A0029DAA1 /* AddExercise_ViewModel.swift */ = {isa = PBXFileReference; lastKnownFileType = sourcecode.swift; path = AddExercise_ViewModel.swift; sourceTree = "<group>"; };
/* End PBXFileReference section */

/* Begin PBXFrameworksBuildPhase section */
		13054AE42905689D00BD1306 /* Frameworks */ = {
			isa = PBXFrameworksBuildPhase;
			buildActionMask = 2147483647;
			files = (
				AF97A06F2A8D3876005745F1 /* SharedFramework.framework in Frameworks */,
			);
			runOnlyForDeploymentPostprocessing = 0;
		};
		13054AF42905689E00BD1306 /* Frameworks */ = {
			isa = PBXFrameworksBuildPhase;
			buildActionMask = 2147483647;
			files = (
			);
			runOnlyForDeploymentPostprocessing = 0;
		};
		13054AFE2905689E00BD1306 /* Frameworks */ = {
			isa = PBXFrameworksBuildPhase;
			buildActionMask = 2147483647;
			files = (
			);
			runOnlyForDeploymentPostprocessing = 0;
		};
		AF97A0352A8D335E005745F1 /* Frameworks */ = {
			isa = PBXFrameworksBuildPhase;
			buildActionMask = 2147483647;
			files = (
				AF97A03D2A8D335E005745F1 /* SwiftUI.framework in Frameworks */,
				AF97A0882A8D3A7C005745F1 /* WidgetKit.framework in Frameworks */,
			);
			runOnlyForDeploymentPostprocessing = 0;
		};
		AF97A0662A8D3876005745F1 /* Frameworks */ = {
			isa = PBXFrameworksBuildPhase;
			buildActionMask = 2147483647;
			files = (
			);
			runOnlyForDeploymentPostprocessing = 0;
		};
/* End PBXFrameworksBuildPhase section */

/* Begin PBXGroup section */
		13054ADE2905689D00BD1306 = {
			isa = PBXGroup;
			children = (
				AF97A0952A8D4E11005745F1 /* AppWidgetExtension.entitlements */,
				13054AE92905689D00BD1306 /* Gym-App */,
				13054AFA2905689E00BD1306 /* Gym-AppTests */,
				13054B042905689E00BD1306 /* Gym-AppUITests */,
				AF97A03E2A8D335E005745F1 /* AppWidget */,
				AF97A06A2A8D3876005745F1 /* SharedFramework */,
				AF97A0392A8D335E005745F1 /* Frameworks */,
				13054AE82905689D00BD1306 /* Products */,
			);
			sourceTree = "<group>";
		};
		13054AE82905689D00BD1306 /* Products */ = {
			isa = PBXGroup;
			children = (
				13054AE72905689D00BD1306 /* Gym-App.app */,
				13054AF72905689E00BD1306 /* Gym-AppTests.xctest */,
				13054B012905689E00BD1306 /* Gym-AppUITests.xctest */,
				AF97A0382A8D335E005745F1 /* AppWidgetExtension.appex */,
				AF97A0692A8D3876005745F1 /* SharedFramework.framework */,
			);
			name = Products;
			sourceTree = "<group>";
		};
		13054AE92905689D00BD1306 /* Gym-App */ = {
			isa = PBXGroup;
			children = (
				AF97A0942A8D4D95005745F1 /* Gym-App.entitlements */,
				AF2E72212A8B5CC800536069 /* Info.plist */,
				13054AEE2905689E00BD1306 /* Assets.xcassets */,
				AF147C1E2A853BAC00095427 /* Utils */,
				13054B1F2905771500BD1306 /* Model */,
				13054B1C2905730400BD1306 /* UI */,
				13054AEA2905689D00BD1306 /* Gym_AppApp.swift */,
			);
			path = "Gym-App";
			sourceTree = "<group>";
		};
		13054AFA2905689E00BD1306 /* Gym-AppTests */ = {
			isa = PBXGroup;
			children = (
				13054AFB2905689E00BD1306 /* Gym_AppTests.swift */,
			);
			path = "Gym-AppTests";
			sourceTree = "<group>";
		};
		13054B042905689E00BD1306 /* Gym-AppUITests */ = {
			isa = PBXGroup;
			children = (
				13054B052905689E00BD1306 /* Gym_AppUITests.swift */,
				13054B072905689E00BD1306 /* Gym_AppUITestsLaunchTests.swift */,
			);
			path = "Gym-AppUITests";
			sourceTree = "<group>";
		};
		13054B1C2905730400BD1306 /* UI */ = {
			isa = PBXGroup;
			children = (
				AF147C1D2A853B9900095427 /* Profile */,
				AF147C1B2A853B2000095427 /* Exercises */,
				AF147C192A853AC600095427 /* Learn */,
				13054B252905809900BD1306 /* Workout */,
				13054AEC2905689D00BD1306 /* AppTabView.swift */,
			);
			path = UI;
			sourceTree = "<group>";
		};
		13054B1F2905771500BD1306 /* Model */ = {
			isa = PBXGroup;
			children = (
				13054B2A2905820B00BD1306 /* Workout.swift */,
			);
			path = Model;
			sourceTree = "<group>";
		};
		13054B252905809900BD1306 /* Workout */ = {
			isa = PBXGroup;
			children = (
				AFB50A1A2A9BF02400436AD3 /* Statistics */,
				AF2E72242A8B601700536069 /* FinishedWorkouts */,
				AF147C0C2A7E8F2B00095427 /* Home */,
				13054B192905716500BD1306 /* AddWorkoutView.swift */,
			);
			path = Workout;
			sourceTree = "<group>";
		};
		13054B262905811C00BD1306 /* AddExercise */ = {
			isa = PBXGroup;
			children = (
				13054B272905812F00BD1306 /* AddExerciseView.swift */,
			);
			path = AddExercise;
			sourceTree = "<group>";
		};
		AF147C0C2A7E8F2B00095427 /* Home */ = {
			isa = PBXGroup;
			children = (
				AF147C1F2A853CB300095427 /* WorkoutView */,
				13054B17290570A300BD1306 /* WorkoutHome.swift */,
				AF147C0D2A7E8F3E00095427 /* WorkoutHome_ViewModel.swift */,
			);
			path = Home;
			sourceTree = "<group>";
		};
		AF147C192A853AC600095427 /* Learn */ = {
			isa = PBXGroup;
			children = (
				AF76DD6D2A7866F00014A075 /* ListFinishedWorkouts.swift */,
				AF147C202A853D2900095427 /* LearnView.swift */,
			);
			name = Learn;
			path = Home/Learn;
			sourceTree = "<group>";
		};
		AF147C1B2A853B2000095427 /* Exercises */ = {
			isa = PBXGroup;
			children = (
				AFDD59532AE676FD0029DAA1 /* DetailsExercise */,
				AF147C292A85537300095427 /* AddExercise */,
				AF147C132A802A8800095427 /* Exercises.swift */,
			);
			name = Exercises;
			path = ../Exercises;
			sourceTree = "<group>";
		};
		AF147C1D2A853B9900095427 /* Profile */ = {
			isa = PBXGroup;
			children = (
				AF147C222A853D6900095427 /* ProfileView.swift */,
			);
			name = Profile;
			path = ../Profile;
			sourceTree = "<group>";
		};
		AF147C1E2A853BAC00095427 /* Utils */ = {
			isa = PBXGroup;
			children = (
				AF147C272A8542A300095427 /* Storage.swift */,
				AF2E72302A8B77F800536069 /* Notifications */,
				AFC34D8F2A890E6200F91C05 /* Extensions */,
				AF147C0F2A7E92BD00095427 /* AppDelegate.swift */,
				AF147C112A7E950000095427 /* AppState.swift */,
				AF147C2F2A8558A100095427 /* AppConstants.swift */,
				AF147C242A853D9D00095427 /* Colors.swift */,
			);
			path = Utils;
			sourceTree = "<group>";
		};
		AF147C1F2A853CB300095427 /* WorkoutView */ = {
			isa = PBXGroup;
			children = (
				AFC34D8A2A88C8C700F91C05 /* StartWorkout */,
				13054B262905811C00BD1306 /* AddExercise */,
				AF76DD6B2A7859360014A075 /* RepCell.swift */,
				13054B1529056D1500BD1306 /* WorkoutView.swift */,
				13054B2329057D5E00BD1306 /* WorkoutView_ViewModel.swift */,
			);
			path = WorkoutView;
			sourceTree = "<group>";
		};
		AF147C292A85537300095427 /* AddExercise */ = {
			isa = PBXGroup;
			children = (
				AF147C2C2A8553BE00095427 /* AddExercise.swift */,
				AFDD59542AE67A0A0029DAA1 /* AddExercise_ViewModel.swift */,
			);
			path = AddExercise;
			sourceTree = "<group>";
		};
		AF2E72242A8B601700536069 /* FinishedWorkouts */ = {
			isa = PBXGroup;
			children = (
				AF2E72292A8B733A00536069 /* DoneWorkout */,
				AF2E72222A8B5F0A00536069 /* FinishedWorkouts.swift */,
				AF2E72252A8B603700536069 /* FinishedWorkouts_ViewModel.swift */,
			);
			path = FinishedWorkouts;
			sourceTree = "<group>";
		};
		AF2E72292A8B733A00536069 /* DoneWorkout */ = {
			isa = PBXGroup;
			children = (
				AF2E722A2A8B735000536069 /* DoneWorkoutScreen.swift */,
				AF2E722E2A8B736E00536069 /* DoneWorkoutScreen_ViewModel.swift */,
			);
			path = DoneWorkout;
			sourceTree = "<group>";
		};
		AF2E72302A8B77F800536069 /* Notifications */ = {
			isa = PBXGroup;
			children = (
				AF2E72312A8B780F00536069 /* NotificationManager.swift */,
			);
			path = Notifications;
			sourceTree = "<group>";
		};
		AF97A0392A8D335E005745F1 /* Frameworks */ = {
			isa = PBXGroup;
			children = (
				AF97A03A2A8D335E005745F1 /* WidgetKit.framework */,
				AF97A03C2A8D335E005745F1 /* SwiftUI.framework */,
			);
			name = Frameworks;
			sourceTree = "<group>";
		};
		AF97A03E2A8D335E005745F1 /* AppWidget */ = {
			isa = PBXGroup;
			children = (
				AF97A03F2A8D335E005745F1 /* AppWidgetBundle.swift */,
				AF97A0412A8D335E005745F1 /* AppWidget.swift */,
				AF97A0432A8D335E005745F1 /* AppWidget.intentdefinition */,
				AF97A0442A8D3360005745F1 /* Assets.xcassets */,
				AF97A0462A8D3360005745F1 /* Info.plist */,
			);
			path = AppWidget;
			sourceTree = "<group>";
		};
		AF97A06A2A8D3876005745F1 /* SharedFramework */ = {
			isa = PBXGroup;
			children = (
				AF97A08E2A8D3E47005745F1 /* Workout.swift */,
				AF76DD682A784BA70014A075 /* Repetition.swift */,
				13054B212905773A00BD1306 /* Exercise.swift */,
				AF97A08D2A8D3E3C005745F1 /* New Group */,
				AF97A06B2A8D3876005745F1 /* SharedFramework.h */,
				AF97A0762A8D38DF005745F1 /* Storage.swift */,
				AF97A0922A8D411F005745F1 /* Extension.swift */,
				AF97A0962A993FE5005745F1 /* AppTheme.swift */,
			);
			path = SharedFramework;
			sourceTree = "<group>";
		};
		AF97A08D2A8D3E3C005745F1 /* New Group */ = {
			isa = PBXGroup;
			children = (
				AFB50A182A9BEF2400436AD3 /* WeekWorkoutTimeChart.swift */,
			);
			path = "New Group";
			sourceTree = "<group>";
		};
		AFB50A1A2A9BF02400436AD3 /* Statistics */ = {
			isa = PBXGroup;
			children = (
				AFB50A1B2A9BF03C00436AD3 /* WeeklyStatisticsView.swift */,
				AF476A8E2AA230B2000ACC73 /* WeeklyStatistics_ViewModel.swift */,
			);
			path = Statistics;
			sourceTree = "<group>";
		};
		AFC34D8A2A88C8C700F91C05 /* StartWorkout */ = {
			isa = PBXGroup;
			children = (
				AFC34D8B2A88C8E800F91C05 /* StartWorkoutView.swift */,
				AFC34D8D2A88C90200F91C05 /* StartWorkoutView_ViewModel.swift */,
			);
			path = StartWorkout;
			sourceTree = "<group>";
		};
		AFC34D8F2A890E6200F91C05 /* Extensions */ = {
			isa = PBXGroup;
			children = (
				AFC34D902A890E7000F91C05 /* DateExtension.swift */,
				AF2E72272A8B625900536069 /* IntExstension.swift */,
			);
			path = Extensions;
			sourceTree = "<group>";
		};
		AFDD59532AE676FD0029DAA1 /* DetailsExercise */ = {
			isa = PBXGroup;
			children = (
			);
			path = DetailsExercise;
			sourceTree = "<group>";
		};
/* End PBXGroup section */

/* Begin PBXHeadersBuildPhase section */
		AF97A0642A8D3876005745F1 /* Headers */ = {
			isa = PBXHeadersBuildPhase;
			buildActionMask = 2147483647;
			files = (
				AF97A06C2A8D3876005745F1 /* SharedFramework.h in Headers */,
				AF97A0752A8D38C8005745F1 /* AppWidgetExtension.appex in Headers */,
				AF97A0742A8D38B6005745F1 /* Gym-App.app in Headers */,
			);
			runOnlyForDeploymentPostprocessing = 0;
		};
/* End PBXHeadersBuildPhase section */

/* Begin PBXNativeTarget section */
		13054AE62905689D00BD1306 /* Gym-App */ = {
			isa = PBXNativeTarget;
			buildConfigurationList = 13054B0B2905689E00BD1306 /* Build configuration list for PBXNativeTarget "Gym-App" */;
			buildPhases = (
				13054AE32905689D00BD1306 /* Sources */,
				13054AE42905689D00BD1306 /* Frameworks */,
				13054AE52905689D00BD1306 /* Resources */,
				AF97A04C2A8D3360005745F1 /* Embed Foundation Extensions */,
				AF97A0612A8D3799005745F1 /* Embed Frameworks */,
			);
			buildRules = (
			);
			dependencies = (
				AF97A04A2A8D3360005745F1 /* PBXTargetDependency */,
				AF97A06E2A8D3876005745F1 /* PBXTargetDependency */,
			);
			name = "Gym-App";
			productName = "Gym-App";
			productReference = 13054AE72905689D00BD1306 /* Gym-App.app */;
			productType = "com.apple.product-type.application";
		};
		13054AF62905689E00BD1306 /* Gym-AppTests */ = {
			isa = PBXNativeTarget;
			buildConfigurationList = 13054B0E2905689E00BD1306 /* Build configuration list for PBXNativeTarget "Gym-AppTests" */;
			buildPhases = (
				13054AF32905689E00BD1306 /* Sources */,
				13054AF42905689E00BD1306 /* Frameworks */,
				13054AF52905689E00BD1306 /* Resources */,
			);
			buildRules = (
			);
			dependencies = (
				13054AF92905689E00BD1306 /* PBXTargetDependency */,
			);
			name = "Gym-AppTests";
			productName = "Gym-AppTests";
			productReference = 13054AF72905689E00BD1306 /* Gym-AppTests.xctest */;
			productType = "com.apple.product-type.bundle.unit-test";
		};
		13054B002905689E00BD1306 /* Gym-AppUITests */ = {
			isa = PBXNativeTarget;
			buildConfigurationList = 13054B112905689E00BD1306 /* Build configuration list for PBXNativeTarget "Gym-AppUITests" */;
			buildPhases = (
				13054AFD2905689E00BD1306 /* Sources */,
				13054AFE2905689E00BD1306 /* Frameworks */,
				13054AFF2905689E00BD1306 /* Resources */,
			);
			buildRules = (
			);
			dependencies = (
				13054B032905689E00BD1306 /* PBXTargetDependency */,
			);
			name = "Gym-AppUITests";
			productName = "Gym-AppUITests";
			productReference = 13054B012905689E00BD1306 /* Gym-AppUITests.xctest */;
			productType = "com.apple.product-type.bundle.ui-testing";
		};
		AF97A0372A8D335E005745F1 /* AppWidgetExtension */ = {
			isa = PBXNativeTarget;
			buildConfigurationList = AF97A04F2A8D3360005745F1 /* Build configuration list for PBXNativeTarget "AppWidgetExtension" */;
			buildPhases = (
				AF97A0342A8D335E005745F1 /* Sources */,
				AF97A0352A8D335E005745F1 /* Frameworks */,
				AF97A0362A8D335E005745F1 /* Resources */,
				AF97A08A2A8D3A7C005745F1 /* Embed Frameworks */,
			);
			buildRules = (
			);
			dependencies = (
			);
			name = AppWidgetExtension;
			productName = AppWidgetExtension;
			productReference = AF97A0382A8D335E005745F1 /* AppWidgetExtension.appex */;
			productType = "com.apple.product-type.app-extension";
		};
		AF97A0682A8D3876005745F1 /* SharedFramework */ = {
			isa = PBXNativeTarget;
			buildConfigurationList = AF97A0712A8D3876005745F1 /* Build configuration list for PBXNativeTarget "SharedFramework" */;
			buildPhases = (
				AF97A0642A8D3876005745F1 /* Headers */,
				AF97A0652A8D3876005745F1 /* Sources */,
				AF97A0662A8D3876005745F1 /* Frameworks */,
				AF97A0672A8D3876005745F1 /* Resources */,
			);
			buildRules = (
			);
			dependencies = (
			);
			name = SharedFramework;
			productName = SharedFramework;
			productReference = AF97A0692A8D3876005745F1 /* SharedFramework.framework */;
			productType = "com.apple.product-type.framework";
		};
/* End PBXNativeTarget section */

/* Begin PBXProject section */
		13054ADF2905689D00BD1306 /* Project object */ = {
			isa = PBXProject;
			attributes = {
				BuildIndependentTargetsInParallel = 1;
				LastSwiftUpdateCheck = 1430;
				LastUpgradeCheck = 1400;
				TargetAttributes = {
					13054AE62905689D00BD1306 = {
						CreatedOnToolsVersion = 14.0.1;
					};
					13054AF62905689E00BD1306 = {
						CreatedOnToolsVersion = 14.0.1;
						TestTargetID = 13054AE62905689D00BD1306;
					};
					13054B002905689E00BD1306 = {
						CreatedOnToolsVersion = 14.0.1;
						TestTargetID = 13054AE62905689D00BD1306;
					};
					AF97A0372A8D335E005745F1 = {
						CreatedOnToolsVersion = 14.3;
					};
					AF97A0682A8D3876005745F1 = {
						CreatedOnToolsVersion = 14.3;
						LastSwiftMigration = 1430;
					};
				};
			};
			buildConfigurationList = 13054AE22905689D00BD1306 /* Build configuration list for PBXProject "Gym-App" */;
			compatibilityVersion = "Xcode 14.0";
			developmentRegion = en;
			hasScannedForEncodings = 0;
			knownRegions = (
				en,
				Base,
			);
			mainGroup = 13054ADE2905689D00BD1306;
			productRefGroup = 13054AE82905689D00BD1306 /* Products */;
			projectDirPath = "";
			projectRoot = "";
			targets = (
				13054AE62905689D00BD1306 /* Gym-App */,
				13054AF62905689E00BD1306 /* Gym-AppTests */,
				13054B002905689E00BD1306 /* Gym-AppUITests */,
				AF97A0372A8D335E005745F1 /* AppWidgetExtension */,
				AF97A0682A8D3876005745F1 /* SharedFramework */,
			);
		};
/* End PBXProject section */

/* Begin PBXResourcesBuildPhase section */
		13054AE52905689D00BD1306 /* Resources */ = {
			isa = PBXResourcesBuildPhase;
			buildActionMask = 2147483647;
			files = (
				13054AEF2905689E00BD1306 /* Assets.xcassets in Resources */,
			);
			runOnlyForDeploymentPostprocessing = 0;
		};
		13054AF52905689E00BD1306 /* Resources */ = {
			isa = PBXResourcesBuildPhase;
			buildActionMask = 2147483647;
			files = (
			);
			runOnlyForDeploymentPostprocessing = 0;
		};
		13054AFF2905689E00BD1306 /* Resources */ = {
			isa = PBXResourcesBuildPhase;
			buildActionMask = 2147483647;
			files = (
			);
			runOnlyForDeploymentPostprocessing = 0;
		};
		AF97A0362A8D335E005745F1 /* Resources */ = {
			isa = PBXResourcesBuildPhase;
			buildActionMask = 2147483647;
			files = (
				AF97A0452A8D3360005745F1 /* Assets.xcassets in Resources */,
			);
			runOnlyForDeploymentPostprocessing = 0;
		};
		AF97A0672A8D3876005745F1 /* Resources */ = {
			isa = PBXResourcesBuildPhase;
			buildActionMask = 2147483647;
			files = (
			);
			runOnlyForDeploymentPostprocessing = 0;
		};
/* End PBXResourcesBuildPhase section */

/* Begin PBXSourcesBuildPhase section */
		13054AE32905689D00BD1306 /* Sources */ = {
			isa = PBXSourcesBuildPhase;
			buildActionMask = 2147483647;
			files = (
				AF97A0482A8D3360005745F1 /* AppWidget.intentdefinition in Sources */,
				AFC34D8E2A88C90200F91C05 /* StartWorkoutView_ViewModel.swift in Sources */,
				AF2E72232A8B5F0A00536069 /* FinishedWorkouts.swift in Sources */,
				AF147C0E2A7E8F3E00095427 /* WorkoutHome_ViewModel.swift in Sources */,
				AF476A8F2AA230B2000ACC73 /* WeeklyStatistics_ViewModel.swift in Sources */,
				AF147C2D2A8553BE00095427 /* AddExercise.swift in Sources */,
				AF147C282A8542A300095427 /* Storage.swift in Sources */,
				AFC34D8C2A88C8E800F91C05 /* StartWorkoutView.swift in Sources */,
				AF147C142A802A8800095427 /* Exercises.swift in Sources */,
				13054B2429057D5E00BD1306 /* WorkoutView_ViewModel.swift in Sources */,
				AF76DD6E2A7866F00014A075 /* ListFinishedWorkouts.swift in Sources */,
				AF147C212A853D2900095427 /* LearnView.swift in Sources */,
				13054B282905812F00BD1306 /* AddExerciseView.swift in Sources */,
				13054AED2905689D00BD1306 /* AppTabView.swift in Sources */,
				AF2E722B2A8B735000536069 /* DoneWorkoutScreen.swift in Sources */,
				AF147C122A7E950000095427 /* AppState.swift in Sources */,
				AF2E72322A8B781000536069 /* NotificationManager.swift in Sources */,
				AF2E72262A8B603700536069 /* FinishedWorkouts_ViewModel.swift in Sources */,
				AFB50A1C2A9BF03C00436AD3 /* WeeklyStatisticsView.swift in Sources */,
				AF2E72282A8B625900536069 /* IntExstension.swift in Sources */,
				13054B2B2905820B00BD1306 /* Workout.swift in Sources */,
				AF147C252A853D9D00095427 /* Colors.swift in Sources */,
				13054AEB2905689D00BD1306 /* Gym_AppApp.swift in Sources */,
				AF147C102A7E92BD00095427 /* AppDelegate.swift in Sources */,
				AF147C232A853D6900095427 /* ProfileView.swift in Sources */,
				13054B18290570A300BD1306 /* WorkoutHome.swift in Sources */,
				AFDD59552AE67A0A0029DAA1 /* AddExercise_ViewModel.swift in Sources */,
				AF2E722F2A8B736E00536069 /* DoneWorkoutScreen_ViewModel.swift in Sources */,
				13054B1A2905716500BD1306 /* AddWorkoutView.swift in Sources */,
				AF147C302A8558A100095427 /* AppConstants.swift in Sources */,
				AFC34D912A890E7000F91C05 /* DateExtension.swift in Sources */,
				AF76DD6C2A7859360014A075 /* RepCell.swift in Sources */,
				13054B1629056D1500BD1306 /* WorkoutView.swift in Sources */,
			);
			runOnlyForDeploymentPostprocessing = 0;
		};
		13054AF32905689E00BD1306 /* Sources */ = {
			isa = PBXSourcesBuildPhase;
			buildActionMask = 2147483647;
			files = (
				13054AFC2905689E00BD1306 /* Gym_AppTests.swift in Sources */,
			);
			runOnlyForDeploymentPostprocessing = 0;
		};
		13054AFD2905689E00BD1306 /* Sources */ = {
			isa = PBXSourcesBuildPhase;
			buildActionMask = 2147483647;
			files = (
				13054B082905689E00BD1306 /* Gym_AppUITestsLaunchTests.swift in Sources */,
				13054B062905689E00BD1306 /* Gym_AppUITests.swift in Sources */,
			);
			runOnlyForDeploymentPostprocessing = 0;
		};
		AF97A0342A8D335E005745F1 /* Sources */ = {
			isa = PBXSourcesBuildPhase;
			buildActionMask = 2147483647;
			files = (
				AF97A0472A8D3360005745F1 /* AppWidget.intentdefinition in Sources */,
				AF97A0402A8D335E005745F1 /* AppWidgetBundle.swift in Sources */,
				AF97A0422A8D335E005745F1 /* AppWidget.swift in Sources */,
			);
			runOnlyForDeploymentPostprocessing = 0;
		};
		AF97A0652A8D3876005745F1 /* Sources */ = {
			isa = PBXSourcesBuildPhase;
			buildActionMask = 2147483647;
			files = (
				AF97A0932A8D411F005745F1 /* Extension.swift in Sources */,
				AF97A0772A8D38DF005745F1 /* Storage.swift in Sources */,
				AF97A08F2A8D3E47005745F1 /* Workout.swift in Sources */,
				AF97A0972A993FE5005745F1 /* AppTheme.swift in Sources */,
				AF97A0912A8D3EA7005745F1 /* Repetition.swift in Sources */,
				AFB50A192A9BEF2400436AD3 /* WeekWorkoutTimeChart.swift in Sources */,
				AF97A0902A8D3E6F005745F1 /* Exercise.swift in Sources */,
			);
			runOnlyForDeploymentPostprocessing = 0;
		};
/* End PBXSourcesBuildPhase section */

/* Begin PBXTargetDependency section */
		13054AF92905689E00BD1306 /* PBXTargetDependency */ = {
			isa = PBXTargetDependency;
			target = 13054AE62905689D00BD1306 /* Gym-App */;
			targetProxy = 13054AF82905689E00BD1306 /* PBXContainerItemProxy */;
		};
		13054B032905689E00BD1306 /* PBXTargetDependency */ = {
			isa = PBXTargetDependency;
			target = 13054AE62905689D00BD1306 /* Gym-App */;
			targetProxy = 13054B022905689E00BD1306 /* PBXContainerItemProxy */;
		};
		AF97A04A2A8D3360005745F1 /* PBXTargetDependency */ = {
			isa = PBXTargetDependency;
			target = AF97A0372A8D335E005745F1 /* AppWidgetExtension */;
			targetProxy = AF97A0492A8D3360005745F1 /* PBXContainerItemProxy */;
		};
		AF97A06E2A8D3876005745F1 /* PBXTargetDependency */ = {
			isa = PBXTargetDependency;
			target = AF97A0682A8D3876005745F1 /* SharedFramework */;
			targetProxy = AF97A06D2A8D3876005745F1 /* PBXContainerItemProxy */;
		};
/* End PBXTargetDependency section */

/* Begin XCBuildConfiguration section */
		13054B092905689E00BD1306 /* Debug */ = {
			isa = XCBuildConfiguration;
			buildSettings = {
				ALWAYS_SEARCH_USER_PATHS = NO;
				CLANG_ANALYZER_NONNULL = YES;
				CLANG_ANALYZER_NUMBER_OBJECT_CONVERSION = YES_AGGRESSIVE;
				CLANG_CXX_LANGUAGE_STANDARD = "gnu++20";
				CLANG_ENABLE_MODULES = YES;
				CLANG_ENABLE_OBJC_ARC = YES;
				CLANG_ENABLE_OBJC_WEAK = YES;
				CLANG_WARN_BLOCK_CAPTURE_AUTORELEASING = YES;
				CLANG_WARN_BOOL_CONVERSION = YES;
				CLANG_WARN_COMMA = YES;
				CLANG_WARN_CONSTANT_CONVERSION = YES;
				CLANG_WARN_DEPRECATED_OBJC_IMPLEMENTATIONS = YES;
				CLANG_WARN_DIRECT_OBJC_ISA_USAGE = YES_ERROR;
				CLANG_WARN_DOCUMENTATION_COMMENTS = YES;
				CLANG_WARN_EMPTY_BODY = YES;
				CLANG_WARN_ENUM_CONVERSION = YES;
				CLANG_WARN_INFINITE_RECURSION = YES;
				CLANG_WARN_INT_CONVERSION = YES;
				CLANG_WARN_NON_LITERAL_NULL_CONVERSION = YES;
				CLANG_WARN_OBJC_IMPLICIT_RETAIN_SELF = YES;
				CLANG_WARN_OBJC_LITERAL_CONVERSION = YES;
				CLANG_WARN_OBJC_ROOT_CLASS = YES_ERROR;
				CLANG_WARN_QUOTED_INCLUDE_IN_FRAMEWORK_HEADER = YES;
				CLANG_WARN_RANGE_LOOP_ANALYSIS = YES;
				CLANG_WARN_STRICT_PROTOTYPES = YES;
				CLANG_WARN_SUSPICIOUS_MOVE = YES;
				CLANG_WARN_UNGUARDED_AVAILABILITY = YES_AGGRESSIVE;
				CLANG_WARN_UNREACHABLE_CODE = YES;
				CLANG_WARN__DUPLICATE_METHOD_MATCH = YES;
				COPY_PHASE_STRIP = NO;
				DEBUG_INFORMATION_FORMAT = dwarf;
				ENABLE_STRICT_OBJC_MSGSEND = YES;
				ENABLE_TESTABILITY = YES;
				GCC_C_LANGUAGE_STANDARD = gnu11;
				GCC_DYNAMIC_NO_PIC = NO;
				GCC_NO_COMMON_BLOCKS = YES;
				GCC_OPTIMIZATION_LEVEL = 0;
				GCC_PREPROCESSOR_DEFINITIONS = (
					"DEBUG=1",
					"$(inherited)",
				);
				GCC_WARN_64_TO_32_BIT_CONVERSION = YES;
				GCC_WARN_ABOUT_RETURN_TYPE = YES_ERROR;
				GCC_WARN_UNDECLARED_SELECTOR = YES;
				GCC_WARN_UNINITIALIZED_AUTOS = YES_AGGRESSIVE;
				GCC_WARN_UNUSED_FUNCTION = YES;
				GCC_WARN_UNUSED_VARIABLE = YES;
				IPHONEOS_DEPLOYMENT_TARGET = 16.0;
				MTL_ENABLE_DEBUG_INFO = INCLUDE_SOURCE;
				MTL_FAST_MATH = YES;
				ONLY_ACTIVE_ARCH = YES;
				SDKROOT = iphoneos;
				SWIFT_ACTIVE_COMPILATION_CONDITIONS = DEBUG;
				SWIFT_OPTIMIZATION_LEVEL = "-Onone";
			};
			name = Debug;
		};
		13054B0A2905689E00BD1306 /* Release */ = {
			isa = XCBuildConfiguration;
			buildSettings = {
				ALWAYS_SEARCH_USER_PATHS = NO;
				CLANG_ANALYZER_NONNULL = YES;
				CLANG_ANALYZER_NUMBER_OBJECT_CONVERSION = YES_AGGRESSIVE;
				CLANG_CXX_LANGUAGE_STANDARD = "gnu++20";
				CLANG_ENABLE_MODULES = YES;
				CLANG_ENABLE_OBJC_ARC = YES;
				CLANG_ENABLE_OBJC_WEAK = YES;
				CLANG_WARN_BLOCK_CAPTURE_AUTORELEASING = YES;
				CLANG_WARN_BOOL_CONVERSION = YES;
				CLANG_WARN_COMMA = YES;
				CLANG_WARN_CONSTANT_CONVERSION = YES;
				CLANG_WARN_DEPRECATED_OBJC_IMPLEMENTATIONS = YES;
				CLANG_WARN_DIRECT_OBJC_ISA_USAGE = YES_ERROR;
				CLANG_WARN_DOCUMENTATION_COMMENTS = YES;
				CLANG_WARN_EMPTY_BODY = YES;
				CLANG_WARN_ENUM_CONVERSION = YES;
				CLANG_WARN_INFINITE_RECURSION = YES;
				CLANG_WARN_INT_CONVERSION = YES;
				CLANG_WARN_NON_LITERAL_NULL_CONVERSION = YES;
				CLANG_WARN_OBJC_IMPLICIT_RETAIN_SELF = YES;
				CLANG_WARN_OBJC_LITERAL_CONVERSION = YES;
				CLANG_WARN_OBJC_ROOT_CLASS = YES_ERROR;
				CLANG_WARN_QUOTED_INCLUDE_IN_FRAMEWORK_HEADER = YES;
				CLANG_WARN_RANGE_LOOP_ANALYSIS = YES;
				CLANG_WARN_STRICT_PROTOTYPES = YES;
				CLANG_WARN_SUSPICIOUS_MOVE = YES;
				CLANG_WARN_UNGUARDED_AVAILABILITY = YES_AGGRESSIVE;
				CLANG_WARN_UNREACHABLE_CODE = YES;
				CLANG_WARN__DUPLICATE_METHOD_MATCH = YES;
				COPY_PHASE_STRIP = NO;
				DEBUG_INFORMATION_FORMAT = "dwarf-with-dsym";
				ENABLE_NS_ASSERTIONS = NO;
				ENABLE_STRICT_OBJC_MSGSEND = YES;
				GCC_C_LANGUAGE_STANDARD = gnu11;
				GCC_NO_COMMON_BLOCKS = YES;
				GCC_WARN_64_TO_32_BIT_CONVERSION = YES;
				GCC_WARN_ABOUT_RETURN_TYPE = YES_ERROR;
				GCC_WARN_UNDECLARED_SELECTOR = YES;
				GCC_WARN_UNINITIALIZED_AUTOS = YES_AGGRESSIVE;
				GCC_WARN_UNUSED_FUNCTION = YES;
				GCC_WARN_UNUSED_VARIABLE = YES;
				IPHONEOS_DEPLOYMENT_TARGET = 16.0;
				MTL_ENABLE_DEBUG_INFO = NO;
				MTL_FAST_MATH = YES;
				SDKROOT = iphoneos;
				SWIFT_COMPILATION_MODE = wholemodule;
				SWIFT_OPTIMIZATION_LEVEL = "-O";
				VALIDATE_PRODUCT = YES;
			};
			name = Release;
		};
		13054B0C2905689E00BD1306 /* Debug */ = {
			isa = XCBuildConfiguration;
			buildSettings = {
				ALWAYS_EMBED_SWIFT_STANDARD_LIBRARIES = YES;
				ASSETCATALOG_COMPILER_APPICON_NAME = AppIcon;
				ASSETCATALOG_COMPILER_GLOBAL_ACCENT_COLOR_NAME = AccentColor;
				CODE_SIGN_ENTITLEMENTS = "Gym-App/Gym-App.entitlements";
				CODE_SIGN_STYLE = Automatic;
				CURRENT_PROJECT_VERSION = 1;
				DEVELOPMENT_ASSET_PATHS = "\"Gym-App/Preview Content\"";
				DEVELOPMENT_TEAM = S6R457336R;
				ENABLE_PREVIEWS = YES;
				GENERATE_INFOPLIST_FILE = YES;
				INFOPLIST_FILE = "Gym-App/Info.plist";
				INFOPLIST_KEY_UIApplicationSceneManifest_Generation = YES;
				INFOPLIST_KEY_UIApplicationSupportsIndirectInputEvents = YES;
				INFOPLIST_KEY_UILaunchScreen_Generation = YES;
				INFOPLIST_KEY_UISupportedInterfaceOrientations_iPad = "UIInterfaceOrientationPortrait UIInterfaceOrientationPortraitUpsideDown UIInterfaceOrientationLandscapeLeft UIInterfaceOrientationLandscapeRight";
				INFOPLIST_KEY_UISupportedInterfaceOrientations_iPhone = "UIInterfaceOrientationPortrait UIInterfaceOrientationLandscapeLeft UIInterfaceOrientationLandscapeRight";
				IPHONEOS_DEPLOYMENT_TARGET = 16.0;
				LD_RUNPATH_SEARCH_PATHS = (
					"$(inherited)",
					"@executable_path/Frameworks",
				);
				MARKETING_VERSION = 1.0;
				PRODUCT_BUNDLE_IDENTIFIER = "com.Gym-App";
				PRODUCT_NAME = "$(TARGET_NAME)";
				SWIFT_EMIT_LOC_STRINGS = YES;
				SWIFT_VERSION = 5.0;
				TARGETED_DEVICE_FAMILY = "1,2";
			};
			name = Debug;
		};
		13054B0D2905689E00BD1306 /* Release */ = {
			isa = XCBuildConfiguration;
			buildSettings = {
				ALWAYS_EMBED_SWIFT_STANDARD_LIBRARIES = YES;
				ASSETCATALOG_COMPILER_APPICON_NAME = AppIcon;
				ASSETCATALOG_COMPILER_GLOBAL_ACCENT_COLOR_NAME = AccentColor;
				CODE_SIGN_ENTITLEMENTS = "Gym-App/Gym-App.entitlements";
				CODE_SIGN_STYLE = Automatic;
				CURRENT_PROJECT_VERSION = 1;
				DEVELOPMENT_ASSET_PATHS = "\"Gym-App/Preview Content\"";
				DEVELOPMENT_TEAM = S6R457336R;
				ENABLE_PREVIEWS = YES;
				GENERATE_INFOPLIST_FILE = YES;
				INFOPLIST_FILE = "Gym-App/Info.plist";
				INFOPLIST_KEY_UIApplicationSceneManifest_Generation = YES;
				INFOPLIST_KEY_UIApplicationSupportsIndirectInputEvents = YES;
				INFOPLIST_KEY_UILaunchScreen_Generation = YES;
				INFOPLIST_KEY_UISupportedInterfaceOrientations_iPad = "UIInterfaceOrientationPortrait UIInterfaceOrientationPortraitUpsideDown UIInterfaceOrientationLandscapeLeft UIInterfaceOrientationLandscapeRight";
				INFOPLIST_KEY_UISupportedInterfaceOrientations_iPhone = "UIInterfaceOrientationPortrait UIInterfaceOrientationLandscapeLeft UIInterfaceOrientationLandscapeRight";
				IPHONEOS_DEPLOYMENT_TARGET = 16.0;
				LD_RUNPATH_SEARCH_PATHS = (
					"$(inherited)",
					"@executable_path/Frameworks",
				);
				MARKETING_VERSION = 1.0;
				PRODUCT_BUNDLE_IDENTIFIER = "com.Gym-App";
				PRODUCT_NAME = "$(TARGET_NAME)";
				SWIFT_EMIT_LOC_STRINGS = YES;
				SWIFT_VERSION = 5.0;
				TARGETED_DEVICE_FAMILY = "1,2";
			};
			name = Release;
		};
		13054B0F2905689E00BD1306 /* Debug */ = {
			isa = XCBuildConfiguration;
			buildSettings = {
				ALWAYS_EMBED_SWIFT_STANDARD_LIBRARIES = YES;
				BUNDLE_LOADER = "$(TEST_HOST)";
				CODE_SIGN_STYLE = Automatic;
				CURRENT_PROJECT_VERSION = 1;
				GENERATE_INFOPLIST_FILE = YES;
				IPHONEOS_DEPLOYMENT_TARGET = 16.0;
				MARKETING_VERSION = 1.0;
				PRODUCT_BUNDLE_IDENTIFIER = "com.Gym-AppTests";
				PRODUCT_NAME = "$(TARGET_NAME)";
				SWIFT_EMIT_LOC_STRINGS = NO;
				SWIFT_VERSION = 5.0;
				TARGETED_DEVICE_FAMILY = "1,2";
				TEST_HOST = "$(BUILT_PRODUCTS_DIR)/Gym-App.app/$(BUNDLE_EXECUTABLE_FOLDER_PATH)/Gym-App";
			};
			name = Debug;
		};
		13054B102905689E00BD1306 /* Release */ = {
			isa = XCBuildConfiguration;
			buildSettings = {
				ALWAYS_EMBED_SWIFT_STANDARD_LIBRARIES = YES;
				BUNDLE_LOADER = "$(TEST_HOST)";
				CODE_SIGN_STYLE = Automatic;
				CURRENT_PROJECT_VERSION = 1;
				GENERATE_INFOPLIST_FILE = YES;
				IPHONEOS_DEPLOYMENT_TARGET = 16.0;
				MARKETING_VERSION = 1.0;
				PRODUCT_BUNDLE_IDENTIFIER = "com.Gym-AppTests";
				PRODUCT_NAME = "$(TARGET_NAME)";
				SWIFT_EMIT_LOC_STRINGS = NO;
				SWIFT_VERSION = 5.0;
				TARGETED_DEVICE_FAMILY = "1,2";
				TEST_HOST = "$(BUILT_PRODUCTS_DIR)/Gym-App.app/$(BUNDLE_EXECUTABLE_FOLDER_PATH)/Gym-App";
			};
			name = Release;
		};
		13054B122905689E00BD1306 /* Debug */ = {
			isa = XCBuildConfiguration;
			buildSettings = {
				ALWAYS_EMBED_SWIFT_STANDARD_LIBRARIES = YES;
				CODE_SIGN_STYLE = Automatic;
				CURRENT_PROJECT_VERSION = 1;
				GENERATE_INFOPLIST_FILE = YES;
				MARKETING_VERSION = 1.0;
				PRODUCT_BUNDLE_IDENTIFIER = "com.Gym-AppUITests";
				PRODUCT_NAME = "$(TARGET_NAME)";
				SWIFT_EMIT_LOC_STRINGS = NO;
				SWIFT_VERSION = 5.0;
				TARGETED_DEVICE_FAMILY = "1,2";
				TEST_TARGET_NAME = "Gym-App";
			};
			name = Debug;
		};
		13054B132905689E00BD1306 /* Release */ = {
			isa = XCBuildConfiguration;
			buildSettings = {
				ALWAYS_EMBED_SWIFT_STANDARD_LIBRARIES = YES;
				CODE_SIGN_STYLE = Automatic;
				CURRENT_PROJECT_VERSION = 1;
				GENERATE_INFOPLIST_FILE = YES;
				MARKETING_VERSION = 1.0;
				PRODUCT_BUNDLE_IDENTIFIER = "com.Gym-AppUITests";
				PRODUCT_NAME = "$(TARGET_NAME)";
				SWIFT_EMIT_LOC_STRINGS = NO;
				SWIFT_VERSION = 5.0;
				TARGETED_DEVICE_FAMILY = "1,2";
				TEST_TARGET_NAME = "Gym-App";
			};
			name = Release;
		};
		AF97A04D2A8D3360005745F1 /* Debug */ = {
			isa = XCBuildConfiguration;
			buildSettings = {
				ASSETCATALOG_COMPILER_GLOBAL_ACCENT_COLOR_NAME = AccentColor;
				ASSETCATALOG_COMPILER_WIDGET_BACKGROUND_COLOR_NAME = WidgetBackground;
				CODE_SIGN_ENTITLEMENTS = AppWidgetExtension.entitlements;
				CODE_SIGN_STYLE = Automatic;
				CURRENT_PROJECT_VERSION = 1;
				DEVELOPMENT_TEAM = S6R457336R;
				GENERATE_INFOPLIST_FILE = YES;
				INFOPLIST_FILE = AppWidget/Info.plist;
				INFOPLIST_KEY_CFBundleDisplayName = AppWidget;
				INFOPLIST_KEY_NSHumanReadableCopyright = "";
				IPHONEOS_DEPLOYMENT_TARGET = 16.4;
				LD_RUNPATH_SEARCH_PATHS = (
					"$(inherited)",
					"@executable_path/Frameworks",
					"@executable_path/../../Frameworks",
				);
				MARKETING_VERSION = 1.0;
				PRODUCT_BUNDLE_IDENTIFIER = "com.Gym-App.AppWidget";
				PRODUCT_NAME = "$(TARGET_NAME)";
				SKIP_INSTALL = YES;
				SWIFT_EMIT_LOC_STRINGS = YES;
				SWIFT_VERSION = 5.0;
				TARGETED_DEVICE_FAMILY = "1,2";
			};
			name = Debug;
		};
		AF97A04E2A8D3360005745F1 /* Release */ = {
			isa = XCBuildConfiguration;
			buildSettings = {
				ASSETCATALOG_COMPILER_GLOBAL_ACCENT_COLOR_NAME = AccentColor;
				ASSETCATALOG_COMPILER_WIDGET_BACKGROUND_COLOR_NAME = WidgetBackground;
				CODE_SIGN_ENTITLEMENTS = AppWidgetExtension.entitlements;
				CODE_SIGN_STYLE = Automatic;
				CURRENT_PROJECT_VERSION = 1;
				DEVELOPMENT_TEAM = S6R457336R;
				GENERATE_INFOPLIST_FILE = YES;
				INFOPLIST_FILE = AppWidget/Info.plist;
				INFOPLIST_KEY_CFBundleDisplayName = AppWidget;
				INFOPLIST_KEY_NSHumanReadableCopyright = "";
				IPHONEOS_DEPLOYMENT_TARGET = 16.4;
				LD_RUNPATH_SEARCH_PATHS = (
					"$(inherited)",
					"@executable_path/Frameworks",
					"@executable_path/../../Frameworks",
				);
				MARKETING_VERSION = 1.0;
				PRODUCT_BUNDLE_IDENTIFIER = "com.Gym-App.AppWidget";
				PRODUCT_NAME = "$(TARGET_NAME)";
				SKIP_INSTALL = YES;
				SWIFT_EMIT_LOC_STRINGS = YES;
				SWIFT_VERSION = 5.0;
				TARGETED_DEVICE_FAMILY = "1,2";
			};
			name = Release;
		};
		AF97A0722A8D3876005745F1 /* Debug */ = {
			isa = XCBuildConfiguration;
			buildSettings = {
				CLANG_ENABLE_MODULES = YES;
				CODE_SIGN_STYLE = Automatic;
				CURRENT_PROJECT_VERSION = 1;
				DEFINES_MODULE = YES;
				DEVELOPMENT_TEAM = S6R457336R;
				DYLIB_COMPATIBILITY_VERSION = 1;
				DYLIB_CURRENT_VERSION = 1;
				DYLIB_INSTALL_NAME_BASE = "@rpath";
				ENABLE_MODULE_VERIFIER = YES;
				GENERATE_INFOPLIST_FILE = YES;
				INFOPLIST_KEY_NSHumanReadableCopyright = "";
				INSTALL_PATH = "$(LOCAL_LIBRARY_DIR)/Frameworks";
				IPHONEOS_DEPLOYMENT_TARGET = 16.0;
				LD_RUNPATH_SEARCH_PATHS = (
					"$(inherited)",
					"@executable_path/Frameworks",
					"@loader_path/Frameworks",
				);
				MARKETING_VERSION = 1.0;
				MODULE_VERIFIER_SUPPORTED_LANGUAGES = "objective-c objective-c++";
				MODULE_VERIFIER_SUPPORTED_LANGUAGE_STANDARDS = "gnu11 gnu++20";
				PRODUCT_BUNDLE_IDENTIFIER = micro.SharedFramework;
				PRODUCT_NAME = "$(TARGET_NAME:c99extidentifier)";
				SKIP_INSTALL = YES;
				SWIFT_EMIT_LOC_STRINGS = YES;
				SWIFT_INSTALL_OBJC_HEADER = NO;
				SWIFT_OPTIMIZATION_LEVEL = "-Onone";
				SWIFT_VERSION = 5.0;
				TARGETED_DEVICE_FAMILY = "1,2";
				VERSIONING_SYSTEM = "apple-generic";
				VERSION_INFO_PREFIX = "";
			};
			name = Debug;
		};
		AF97A0732A8D3876005745F1 /* Release */ = {
			isa = XCBuildConfiguration;
			buildSettings = {
				CLANG_ENABLE_MODULES = YES;
				CODE_SIGN_STYLE = Automatic;
				CURRENT_PROJECT_VERSION = 1;
				DEFINES_MODULE = YES;
				DEVELOPMENT_TEAM = S6R457336R;
				DYLIB_COMPATIBILITY_VERSION = 1;
				DYLIB_CURRENT_VERSION = 1;
				DYLIB_INSTALL_NAME_BASE = "@rpath";
				ENABLE_MODULE_VERIFIER = YES;
				GENERATE_INFOPLIST_FILE = YES;
				INFOPLIST_KEY_NSHumanReadableCopyright = "";
				INSTALL_PATH = "$(LOCAL_LIBRARY_DIR)/Frameworks";
				IPHONEOS_DEPLOYMENT_TARGET = 16.0;
				LD_RUNPATH_SEARCH_PATHS = (
					"$(inherited)",
					"@executable_path/Frameworks",
					"@loader_path/Frameworks",
				);
				MARKETING_VERSION = 1.0;
				MODULE_VERIFIER_SUPPORTED_LANGUAGES = "objective-c objective-c++";
				MODULE_VERIFIER_SUPPORTED_LANGUAGE_STANDARDS = "gnu11 gnu++20";
				PRODUCT_BUNDLE_IDENTIFIER = micro.SharedFramework;
				PRODUCT_NAME = "$(TARGET_NAME:c99extidentifier)";
				SKIP_INSTALL = YES;
				SWIFT_EMIT_LOC_STRINGS = YES;
				SWIFT_INSTALL_OBJC_HEADER = NO;
				SWIFT_VERSION = 5.0;
				TARGETED_DEVICE_FAMILY = "1,2";
				VERSIONING_SYSTEM = "apple-generic";
				VERSION_INFO_PREFIX = "";
			};
			name = Release;
		};
/* End XCBuildConfiguration section */

/* Begin XCConfigurationList section */
		13054AE22905689D00BD1306 /* Build configuration list for PBXProject "Gym-App" */ = {
			isa = XCConfigurationList;
			buildConfigurations = (
				13054B092905689E00BD1306 /* Debug */,
				13054B0A2905689E00BD1306 /* Release */,
			);
			defaultConfigurationIsVisible = 0;
			defaultConfigurationName = Release;
		};
		13054B0B2905689E00BD1306 /* Build configuration list for PBXNativeTarget "Gym-App" */ = {
			isa = XCConfigurationList;
			buildConfigurations = (
				13054B0C2905689E00BD1306 /* Debug */,
				13054B0D2905689E00BD1306 /* Release */,
			);
			defaultConfigurationIsVisible = 0;
			defaultConfigurationName = Release;
		};
		13054B0E2905689E00BD1306 /* Build configuration list for PBXNativeTarget "Gym-AppTests" */ = {
			isa = XCConfigurationList;
			buildConfigurations = (
				13054B0F2905689E00BD1306 /* Debug */,
				13054B102905689E00BD1306 /* Release */,
			);
			defaultConfigurationIsVisible = 0;
			defaultConfigurationName = Release;
		};
		13054B112905689E00BD1306 /* Build configuration list for PBXNativeTarget "Gym-AppUITests" */ = {
			isa = XCConfigurationList;
			buildConfigurations = (
				13054B122905689E00BD1306 /* Debug */,
				13054B132905689E00BD1306 /* Release */,
			);
			defaultConfigurationIsVisible = 0;
			defaultConfigurationName = Release;
		};
		AF97A04F2A8D3360005745F1 /* Build configuration list for PBXNativeTarget "AppWidgetExtension" */ = {
			isa = XCConfigurationList;
			buildConfigurations = (
				AF97A04D2A8D3360005745F1 /* Debug */,
				AF97A04E2A8D3360005745F1 /* Release */,
			);
			defaultConfigurationIsVisible = 0;
			defaultConfigurationName = Release;
		};
		AF97A0712A8D3876005745F1 /* Build configuration list for PBXNativeTarget "SharedFramework" */ = {
			isa = XCConfigurationList;
			buildConfigurations = (
				AF97A0722A8D3876005745F1 /* Debug */,
				AF97A0732A8D3876005745F1 /* Release */,
			);
			defaultConfigurationIsVisible = 0;
			defaultConfigurationName = Release;
		};
/* End XCConfigurationList section */
	};
	rootObject = 13054ADF2905689D00BD1306 /* Project object */;
}
