// !$*UTF8*$!
{
	archiveVersion = 1;
	classes = {
	};
	objectVersion = 56;
	objects = {

/* Begin PBXBuildFile section */
		13054AEB2905689D00BD1306 /* Gym_AppApp.swift in Sources */ = {isa = PBXBuildFile; fileRef = 13054AEA2905689D00BD1306 /* Gym_AppApp.swift */; };
		13054AED2905689D00BD1306 /* AppTabView.swift in Sources */ = {isa = PBXBuildFile; fileRef = 13054AEC2905689D00BD1306 /* AppTabView.swift */; };
		13054AEF2905689E00BD1306 /* Assets.xcassets in Resources */ = {isa = PBXBuildFile; fileRef = 13054AEE2905689E00BD1306 /* Assets.xcassets */; };
		13054AFC2905689E00BD1306 /* Gym_AppTests.swift in Sources */ = {isa = PBXBuildFile; fileRef = 13054AFB2905689E00BD1306 /* Gym_AppTests.swift */; };
		13054B062905689E00BD1306 /* Gym_AppUITests.swift in Sources */ = {isa = PBXBuildFile; fileRef = 13054B052905689E00BD1306 /* Gym_AppUITests.swift */; };
		13054B082905689E00BD1306 /* Gym_AppUITestsLaunchTests.swift in Sources */ = {isa = PBXBuildFile; fileRef = 13054B072905689E00BD1306 /* Gym_AppUITestsLaunchTests.swift */; };
		13054B1629056D1500BD1306 /* WorkoutView.swift in Sources */ = {isa = PBXBuildFile; fileRef = 13054B1529056D1500BD1306 /* WorkoutView.swift */; };
		13054B18290570A300BD1306 /* WorkoutHome.swift in Sources */ = {isa = PBXBuildFile; fileRef = 13054B17290570A300BD1306 /* WorkoutHome.swift */; };
		13054B1A2905716500BD1306 /* AddWorkoutView.swift in Sources */ = {isa = PBXBuildFile; fileRef = 13054B192905716500BD1306 /* AddWorkoutView.swift */; };
		13054B222905773A00BD1306 /* Exercise.swift in Sources */ = {isa = PBXBuildFile; fileRef = 13054B212905773A00BD1306 /* Exercise.swift */; };
		13054B2429057D5E00BD1306 /* WorkoutView_ViewModel.swift in Sources */ = {isa = PBXBuildFile; fileRef = 13054B2329057D5E00BD1306 /* WorkoutView_ViewModel.swift */; };
		13054B282905812F00BD1306 /* AddExerciseView.swift in Sources */ = {isa = PBXBuildFile; fileRef = 13054B272905812F00BD1306 /* AddExerciseView.swift */; };
		13054B2B2905820B00BD1306 /* Workout.swift in Sources */ = {isa = PBXBuildFile; fileRef = 13054B2A2905820B00BD1306 /* Workout.swift */; };
		AF147C0E2A7E8F3E00095427 /* WorkoutHome_ViewModel.swift in Sources */ = {isa = PBXBuildFile; fileRef = AF147C0D2A7E8F3E00095427 /* WorkoutHome_ViewModel.swift */; };
		AF147C102A7E92BD00095427 /* AppDelegate.swift in Sources */ = {isa = PBXBuildFile; fileRef = AF147C0F2A7E92BD00095427 /* AppDelegate.swift */; };
		AF147C122A7E950000095427 /* AppState.swift in Sources */ = {isa = PBXBuildFile; fileRef = AF147C112A7E950000095427 /* AppState.swift */; };
		AF147C142A802A8800095427 /* Exercises.swift in Sources */ = {isa = PBXBuildFile; fileRef = AF147C132A802A8800095427 /* Exercises.swift */; };
		AF147C212A853D2900095427 /* LearnView.swift in Sources */ = {isa = PBXBuildFile; fileRef = AF147C202A853D2900095427 /* LearnView.swift */; };
		AF147C232A853D6900095427 /* ProfileView.swift in Sources */ = {isa = PBXBuildFile; fileRef = AF147C222A853D6900095427 /* ProfileView.swift */; };
		AF147C252A853D9D00095427 /* Colors.swift in Sources */ = {isa = PBXBuildFile; fileRef = AF147C242A853D9D00095427 /* Colors.swift */; };
		AF147C282A8542A300095427 /* Storage.swift in Sources */ = {isa = PBXBuildFile; fileRef = AF147C272A8542A300095427 /* Storage.swift */; };
		AF147C2D2A8553BE00095427 /* AddExercise.swift in Sources */ = {isa = PBXBuildFile; fileRef = AF147C2C2A8553BE00095427 /* AddExercise.swift */; };
		AF147C302A8558A100095427 /* AppConstants.swift in Sources */ = {isa = PBXBuildFile; fileRef = AF147C2F2A8558A100095427 /* AppConstants.swift */; };
		AF76DD652A7849CA0014A075 /* RealWorkout.swift in Sources */ = {isa = PBXBuildFile; fileRef = AF76DD642A7849CA0014A075 /* RealWorkout.swift */; };
		AF76DD672A784B3A0014A075 /* RealExercise.swift in Sources */ = {isa = PBXBuildFile; fileRef = AF76DD662A784B3A0014A075 /* RealExercise.swift */; };
		AF76DD692A784BA70014A075 /* Repetition.swift in Sources */ = {isa = PBXBuildFile; fileRef = AF76DD682A784BA70014A075 /* Repetition.swift */; };
		AF76DD6C2A7859360014A075 /* RepCell.swift in Sources */ = {isa = PBXBuildFile; fileRef = AF76DD6B2A7859360014A075 /* RepCell.swift */; };
		AF76DD6E2A7866F00014A075 /* FinishedWorkouts.swift in Sources */ = {isa = PBXBuildFile; fileRef = AF76DD6D2A7866F00014A075 /* FinishedWorkouts.swift */; };
		AFC34D8C2A88C8E800F91C05 /* StartWorkoutView.swift in Sources */ = {isa = PBXBuildFile; fileRef = AFC34D8B2A88C8E800F91C05 /* StartWorkoutView.swift */; };
		AFC34D8E2A88C90200F91C05 /* StartWorkoutView_ViewModel.swift in Sources */ = {isa = PBXBuildFile; fileRef = AFC34D8D2A88C90200F91C05 /* StartWorkoutView_ViewModel.swift */; };
		AFC34D912A890E7000F91C05 /* DateExtension.swift in Sources */ = {isa = PBXBuildFile; fileRef = AFC34D902A890E7000F91C05 /* DateExtension.swift */; };
/* End PBXBuildFile section */

/* Begin PBXContainerItemProxy section */
		13054AF82905689E00BD1306 /* PBXContainerItemProxy */ = {
			isa = PBXContainerItemProxy;
			containerPortal = 13054ADF2905689D00BD1306 /* Project object */;
			proxyType = 1;
			remoteGlobalIDString = 13054AE62905689D00BD1306;
			remoteInfo = "Gym-App";
		};
		13054B022905689E00BD1306 /* PBXContainerItemProxy */ = {
			isa = PBXContainerItemProxy;
			containerPortal = 13054ADF2905689D00BD1306 /* Project object */;
			proxyType = 1;
			remoteGlobalIDString = 13054AE62905689D00BD1306;
			remoteInfo = "Gym-App";
		};
/* End PBXContainerItemProxy section */

/* Begin PBXFileReference section */
		13054AE72905689D00BD1306 /* Gym-App.app */ = {isa = PBXFileReference; explicitFileType = wrapper.application; includeInIndex = 0; path = "Gym-App.app"; sourceTree = BUILT_PRODUCTS_DIR; };
		13054AEA2905689D00BD1306 /* Gym_AppApp.swift */ = {isa = PBXFileReference; lastKnownFileType = sourcecode.swift; path = Gym_AppApp.swift; sourceTree = "<group>"; };
		13054AEC2905689D00BD1306 /* AppTabView.swift */ = {isa = PBXFileReference; lastKnownFileType = sourcecode.swift; path = AppTabView.swift; sourceTree = "<group>"; };
		13054AEE2905689E00BD1306 /* Assets.xcassets */ = {isa = PBXFileReference; lastKnownFileType = folder.assetcatalog; path = Assets.xcassets; sourceTree = "<group>"; };
		13054AF72905689E00BD1306 /* Gym-AppTests.xctest */ = {isa = PBXFileReference; explicitFileType = wrapper.cfbundle; includeInIndex = 0; path = "Gym-AppTests.xctest"; sourceTree = BUILT_PRODUCTS_DIR; };
		13054AFB2905689E00BD1306 /* Gym_AppTests.swift */ = {isa = PBXFileReference; lastKnownFileType = sourcecode.swift; path = Gym_AppTests.swift; sourceTree = "<group>"; };
		13054B012905689E00BD1306 /* Gym-AppUITests.xctest */ = {isa = PBXFileReference; explicitFileType = wrapper.cfbundle; includeInIndex = 0; path = "Gym-AppUITests.xctest"; sourceTree = BUILT_PRODUCTS_DIR; };
		13054B052905689E00BD1306 /* Gym_AppUITests.swift */ = {isa = PBXFileReference; lastKnownFileType = sourcecode.swift; path = Gym_AppUITests.swift; sourceTree = "<group>"; };
		13054B072905689E00BD1306 /* Gym_AppUITestsLaunchTests.swift */ = {isa = PBXFileReference; lastKnownFileType = sourcecode.swift; path = Gym_AppUITestsLaunchTests.swift; sourceTree = "<group>"; };
		13054B1529056D1500BD1306 /* WorkoutView.swift */ = {isa = PBXFileReference; lastKnownFileType = sourcecode.swift; path = WorkoutView.swift; sourceTree = "<group>"; };
		13054B17290570A300BD1306 /* WorkoutHome.swift */ = {isa = PBXFileReference; lastKnownFileType = sourcecode.swift; path = WorkoutHome.swift; sourceTree = "<group>"; };
		13054B192905716500BD1306 /* AddWorkoutView.swift */ = {isa = PBXFileReference; lastKnownFileType = sourcecode.swift; path = AddWorkoutView.swift; sourceTree = "<group>"; };
		13054B212905773A00BD1306 /* Exercise.swift */ = {isa = PBXFileReference; lastKnownFileType = sourcecode.swift; path = Exercise.swift; sourceTree = "<group>"; };
		13054B2329057D5E00BD1306 /* WorkoutView_ViewModel.swift */ = {isa = PBXFileReference; lastKnownFileType = sourcecode.swift; path = WorkoutView_ViewModel.swift; sourceTree = "<group>"; };
		13054B272905812F00BD1306 /* AddExerciseView.swift */ = {isa = PBXFileReference; lastKnownFileType = sourcecode.swift; path = AddExerciseView.swift; sourceTree = "<group>"; };
		13054B2A2905820B00BD1306 /* Workout.swift */ = {isa = PBXFileReference; lastKnownFileType = sourcecode.swift; path = Workout.swift; sourceTree = "<group>"; };
		AF147C0D2A7E8F3E00095427 /* WorkoutHome_ViewModel.swift */ = {isa = PBXFileReference; lastKnownFileType = sourcecode.swift; path = WorkoutHome_ViewModel.swift; sourceTree = "<group>"; };
		AF147C0F2A7E92BD00095427 /* AppDelegate.swift */ = {isa = PBXFileReference; lastKnownFileType = sourcecode.swift; path = AppDelegate.swift; sourceTree = "<group>"; };
		AF147C112A7E950000095427 /* AppState.swift */ = {isa = PBXFileReference; lastKnownFileType = sourcecode.swift; name = AppState.swift; path = "Gym-App/Utils/AppState.swift"; sourceTree = SOURCE_ROOT; };
		AF147C132A802A8800095427 /* Exercises.swift */ = {isa = PBXFileReference; lastKnownFileType = sourcecode.swift; path = Exercises.swift; sourceTree = "<group>"; };
		AF147C202A853D2900095427 /* LearnView.swift */ = {isa = PBXFileReference; lastKnownFileType = sourcecode.swift; name = LearnView.swift; path = "Gym-App/UI/LearnView.swift"; sourceTree = SOURCE_ROOT; };
		AF147C222A853D6900095427 /* ProfileView.swift */ = {isa = PBXFileReference; lastKnownFileType = sourcecode.swift; path = ProfileView.swift; sourceTree = "<group>"; };
		AF147C242A853D9D00095427 /* Colors.swift */ = {isa = PBXFileReference; lastKnownFileType = sourcecode.swift; path = Colors.swift; sourceTree = "<group>"; };
		AF147C272A8542A300095427 /* Storage.swift */ = {isa = PBXFileReference; lastKnownFileType = sourcecode.swift; path = Storage.swift; sourceTree = "<group>"; };
		AF147C2C2A8553BE00095427 /* AddExercise.swift */ = {isa = PBXFileReference; lastKnownFileType = sourcecode.swift; path = AddExercise.swift; sourceTree = "<group>"; };
		AF147C2F2A8558A100095427 /* AppConstants.swift */ = {isa = PBXFileReference; lastKnownFileType = sourcecode.swift; path = AppConstants.swift; sourceTree = "<group>"; };
		AF2E72212A8B5CC800536069 /* Info.plist */ = {isa = PBXFileReference; lastKnownFileType = text.plist; path = Info.plist; sourceTree = "<group>"; };
		AF76DD642A7849CA0014A075 /* RealWorkout.swift */ = {isa = PBXFileReference; lastKnownFileType = sourcecode.swift; path = RealWorkout.swift; sourceTree = "<group>"; };
		AF76DD662A784B3A0014A075 /* RealExercise.swift */ = {isa = PBXFileReference; lastKnownFileType = sourcecode.swift; path = RealExercise.swift; sourceTree = "<group>"; };
		AF76DD682A784BA70014A075 /* Repetition.swift */ = {isa = PBXFileReference; lastKnownFileType = sourcecode.swift; path = Repetition.swift; sourceTree = "<group>"; };
		AF76DD6B2A7859360014A075 /* RepCell.swift */ = {isa = PBXFileReference; lastKnownFileType = sourcecode.swift; path = RepCell.swift; sourceTree = "<group>"; };
		AF76DD6D2A7866F00014A075 /* FinishedWorkouts.swift */ = {isa = PBXFileReference; lastKnownFileType = sourcecode.swift; path = FinishedWorkouts.swift; sourceTree = "<group>"; };
		AFC34D8B2A88C8E800F91C05 /* StartWorkoutView.swift */ = {isa = PBXFileReference; lastKnownFileType = sourcecode.swift; path = StartWorkoutView.swift; sourceTree = "<group>"; };
		AFC34D8D2A88C90200F91C05 /* StartWorkoutView_ViewModel.swift */ = {isa = PBXFileReference; lastKnownFileType = sourcecode.swift; path = StartWorkoutView_ViewModel.swift; sourceTree = "<group>"; };
		AFC34D902A890E7000F91C05 /* DateExtension.swift */ = {isa = PBXFileReference; lastKnownFileType = sourcecode.swift; path = DateExtension.swift; sourceTree = "<group>"; };
/* End PBXFileReference section */

/* Begin PBXFrameworksBuildPhase section */
		13054AE42905689D00BD1306 /* Frameworks */ = {
			isa = PBXFrameworksBuildPhase;
			buildActionMask = 2147483647;
			files = (
			);
			runOnlyForDeploymentPostprocessing = 0;
		};
		13054AF42905689E00BD1306 /* Frameworks */ = {
			isa = PBXFrameworksBuildPhase;
			buildActionMask = 2147483647;
			files = (
			);
			runOnlyForDeploymentPostprocessing = 0;
		};
		13054AFE2905689E00BD1306 /* Frameworks */ = {
			isa = PBXFrameworksBuildPhase;
			buildActionMask = 2147483647;
			files = (
			);
			runOnlyForDeploymentPostprocessing = 0;
		};
/* End PBXFrameworksBuildPhase section */

/* Begin PBXGroup section */
		13054ADE2905689D00BD1306 = {
			isa = PBXGroup;
			children = (
				13054AE92905689D00BD1306 /* Gym-App */,
				13054AFA2905689E00BD1306 /* Gym-AppTests */,
				13054B042905689E00BD1306 /* Gym-AppUITests */,
				13054AE82905689D00BD1306 /* Products */,
			);
			sourceTree = "<group>";
		};
		13054AE82905689D00BD1306 /* Products */ = {
			isa = PBXGroup;
			children = (
				13054AE72905689D00BD1306 /* Gym-App.app */,
				13054AF72905689E00BD1306 /* Gym-AppTests.xctest */,
				13054B012905689E00BD1306 /* Gym-AppUITests.xctest */,
			);
			name = Products;
			sourceTree = "<group>";
		};
		13054AE92905689D00BD1306 /* Gym-App */ = {
			isa = PBXGroup;
			children = (
				AF2E72212A8B5CC800536069 /* Info.plist */,
				13054AEE2905689E00BD1306 /* Assets.xcassets */,
				AF147C1E2A853BAC00095427 /* Utils */,
				13054B1F2905771500BD1306 /* Model */,
				13054B1C2905730400BD1306 /* UI */,
				13054AEA2905689D00BD1306 /* Gym_AppApp.swift */,
			);
			path = "Gym-App";
			sourceTree = "<group>";
		};
		13054AFA2905689E00BD1306 /* Gym-AppTests */ = {
			isa = PBXGroup;
			children = (
				13054AFB2905689E00BD1306 /* Gym_AppTests.swift */,
			);
			path = "Gym-AppTests";
			sourceTree = "<group>";
		};
		13054B042905689E00BD1306 /* Gym-AppUITests */ = {
			isa = PBXGroup;
			children = (
				13054B052905689E00BD1306 /* Gym_AppUITests.swift */,
				13054B072905689E00BD1306 /* Gym_AppUITestsLaunchTests.swift */,
			);
			path = "Gym-AppUITests";
			sourceTree = "<group>";
		};
		13054B1C2905730400BD1306 /* UI */ = {
			isa = PBXGroup;
			children = (
				AF147C1D2A853B9900095427 /* Profile */,
				AF147C1B2A853B2000095427 /* Exercises */,
				AF147C192A853AC600095427 /* Learn */,
				13054B252905809900BD1306 /* Workout */,
				13054AEC2905689D00BD1306 /* AppTabView.swift */,
			);
			path = UI;
			sourceTree = "<group>";
		};
		13054B1F2905771500BD1306 /* Model */ = {
			isa = PBXGroup;
			children = (
				AF76DD6A2A784C4E0014A075 /* Real */,
				13054B212905773A00BD1306 /* Exercise.swift */,
				13054B2A2905820B00BD1306 /* Workout.swift */,
			);
			path = Model;
			sourceTree = "<group>";
		};
		13054B252905809900BD1306 /* Workout */ = {
			isa = PBXGroup;
			children = (
				AF147C0C2A7E8F2B00095427 /* Home */,
				AF76DD6D2A7866F00014A075 /* FinishedWorkouts.swift */,
				13054B192905716500BD1306 /* AddWorkoutView.swift */,
			);
			path = Workout;
			sourceTree = "<group>";
		};
		13054B262905811C00BD1306 /* AddExercise */ = {
			isa = PBXGroup;
			children = (
				13054B272905812F00BD1306 /* AddExerciseView.swift */,
			);
			path = AddExercise;
			sourceTree = "<group>";
		};
		AF147C0C2A7E8F2B00095427 /* Home */ = {
			isa = PBXGroup;
			children = (
				AF147C1F2A853CB300095427 /* WorkoutView */,
				13054B17290570A300BD1306 /* WorkoutHome.swift */,
				AF147C0D2A7E8F3E00095427 /* WorkoutHome_ViewModel.swift */,
			);
			path = Home;
			sourceTree = "<group>";
		};
		AF147C192A853AC600095427 /* Learn */ = {
			isa = PBXGroup;
			children = (
				AF147C202A853D2900095427 /* LearnView.swift */,
			);
			name = Learn;
			path = Home/Learn;
			sourceTree = "<group>";
		};
		AF147C1B2A853B2000095427 /* Exercises */ = {
			isa = PBXGroup;
			children = (
				AF147C292A85537300095427 /* AddExercise */,
				AF147C132A802A8800095427 /* Exercises.swift */,
			);
			name = Exercises;
			path = ../Exercises;
			sourceTree = "<group>";
		};
		AF147C1D2A853B9900095427 /* Profile */ = {
			isa = PBXGroup;
			children = (
				AF147C222A853D6900095427 /* ProfileView.swift */,
			);
			name = Profile;
			path = ../Profile;
			sourceTree = "<group>";
		};
		AF147C1E2A853BAC00095427 /* Utils */ = {
			isa = PBXGroup;
			children = (
				AFC34D8F2A890E6200F91C05 /* Extensions */,
				AF147C0F2A7E92BD00095427 /* AppDelegate.swift */,
				AF147C112A7E950000095427 /* AppState.swift */,
				AF147C2F2A8558A100095427 /* AppConstants.swift */,
				AF147C242A853D9D00095427 /* Colors.swift */,
				AF147C272A8542A300095427 /* Storage.swift */,
			);
			path = Utils;
			sourceTree = "<group>";
		};
		AF147C1F2A853CB300095427 /* WorkoutView */ = {
			isa = PBXGroup;
			children = (
				AFC34D8A2A88C8C700F91C05 /* StartWorkout */,
				13054B262905811C00BD1306 /* AddExercise */,
				AF76DD6B2A7859360014A075 /* RepCell.swift */,
				13054B1529056D1500BD1306 /* WorkoutView.swift */,
				13054B2329057D5E00BD1306 /* WorkoutView_ViewModel.swift */,
			);
			path = WorkoutView;
			sourceTree = "<group>";
		};
		AF147C292A85537300095427 /* AddExercise */ = {
			isa = PBXGroup;
			children = (
				AF147C2C2A8553BE00095427 /* AddExercise.swift */,
			);
			path = AddExercise;
			sourceTree = "<group>";
		};
		AF76DD6A2A784C4E0014A075 /* Real */ = {
			isa = PBXGroup;
			children = (
				AF76DD642A7849CA0014A075 /* RealWorkout.swift */,
				AF76DD662A784B3A0014A075 /* RealExercise.swift */,
				AF76DD682A784BA70014A075 /* Repetition.swift */,
			);
			path = Real;
			sourceTree = "<group>";
		};
		AFC34D8A2A88C8C700F91C05 /* StartWorkout */ = {
			isa = PBXGroup;
			children = (
				AFC34D8B2A88C8E800F91C05 /* StartWorkoutView.swift */,
				AFC34D8D2A88C90200F91C05 /* StartWorkoutView_ViewModel.swift */,
			);
			path = StartWorkout;
			sourceTree = "<group>";
		};
		AFC34D8F2A890E6200F91C05 /* Extensions */ = {
			isa = PBXGroup;
			children = (
				AFC34D902A890E7000F91C05 /* DateExtension.swift */,
			);
			path = Extensions;
			sourceTree = "<group>";
		};
/* End PBXGroup section */

/* Begin PBXNativeTarget section */
		13054AE62905689D00BD1306 /* Gym-App */ = {
			isa = PBXNativeTarget;
			buildConfigurationList = 13054B0B2905689E00BD1306 /* Build configuration list for PBXNativeTarget "Gym-App" */;
			buildPhases = (
				13054AE32905689D00BD1306 /* Sources */,
				13054AE42905689D00BD1306 /* Frameworks */,
				13054AE52905689D00BD1306 /* Resources */,
			);
			buildRules = (
			);
			dependencies = (
			);
			name = "Gym-App";
			productName = "Gym-App";
			productReference = 13054AE72905689D00BD1306 /* Gym-App.app */;
			productType = "com.apple.product-type.application";
		};
		13054AF62905689E00BD1306 /* Gym-AppTests */ = {
			isa = PBXNativeTarget;
			buildConfigurationList = 13054B0E2905689E00BD1306 /* Build configuration list for PBXNativeTarget "Gym-AppTests" */;
			buildPhases = (
				13054AF32905689E00BD1306 /* Sources */,
				13054AF42905689E00BD1306 /* Frameworks */,
				13054AF52905689E00BD1306 /* Resources */,
			);
			buildRules = (
			);
			dependencies = (
				13054AF92905689E00BD1306 /* PBXTargetDependency */,
			);
			name = "Gym-AppTests";
			productName = "Gym-AppTests";
			productReference = 13054AF72905689E00BD1306 /* Gym-AppTests.xctest */;
			productType = "com.apple.product-type.bundle.unit-test";
		};
		13054B002905689E00BD1306 /* Gym-AppUITests */ = {
			isa = PBXNativeTarget;
			buildConfigurationList = 13054B112905689E00BD1306 /* Build configuration list for PBXNativeTarget "Gym-AppUITests" */;
			buildPhases = (
				13054AFD2905689E00BD1306 /* Sources */,
				13054AFE2905689E00BD1306 /* Frameworks */,
				13054AFF2905689E00BD1306 /* Resources */,
			);
			buildRules = (
			);
			dependencies = (
				13054B032905689E00BD1306 /* PBXTargetDependency */,
			);
			name = "Gym-AppUITests";
			productName = "Gym-AppUITests";
			productReference = 13054B012905689E00BD1306 /* Gym-AppUITests.xctest */;
			productType = "com.apple.product-type.bundle.ui-testing";
		};
/* End PBXNativeTarget section */

/* Begin PBXProject section */
		13054ADF2905689D00BD1306 /* Project object */ = {
			isa = PBXProject;
			attributes = {
				BuildIndependentTargetsInParallel = 1;
				LastSwiftUpdateCheck = 1400;
				LastUpgradeCheck = 1400;
				TargetAttributes = {
					13054AE62905689D00BD1306 = {
						CreatedOnToolsVersion = 14.0.1;
					};
					13054AF62905689E00BD1306 = {
						CreatedOnToolsVersion = 14.0.1;
						TestTargetID = 13054AE62905689D00BD1306;
					};
					13054B002905689E00BD1306 = {
						CreatedOnToolsVersion = 14.0.1;
						TestTargetID = 13054AE62905689D00BD1306;
					};
				};
			};
			buildConfigurationList = 13054AE22905689D00BD1306 /* Build configuration list for PBXProject "Gym-App" */;
			compatibilityVersion = "Xcode 14.0";
			developmentRegion = en;
			hasScannedForEncodings = 0;
			knownRegions = (
				en,
				Base,
			);
			mainGroup = 13054ADE2905689D00BD1306;
			productRefGroup = 13054AE82905689D00BD1306 /* Products */;
			projectDirPath = "";
			projectRoot = "";
			targets = (
				13054AE62905689D00BD1306 /* Gym-App */,
				13054AF62905689E00BD1306 /* Gym-AppTests */,
				13054B002905689E00BD1306 /* Gym-AppUITests */,
			);
		};
/* End PBXProject section */

/* Begin PBXResourcesBuildPhase section */
		13054AE52905689D00BD1306 /* Resources */ = {
			isa = PBXResourcesBuildPhase;
			buildActionMask = 2147483647;
			files = (
				13054AEF2905689E00BD1306 /* Assets.xcassets in Resources */,
			);
			runOnlyForDeploymentPostprocessing = 0;
		};
		13054AF52905689E00BD1306 /* Resources */ = {
			isa = PBXResourcesBuildPhase;
			buildActionMask = 2147483647;
			files = (
			);
			runOnlyForDeploymentPostprocessing = 0;
		};
		13054AFF2905689E00BD1306 /* Resources */ = {
			isa = PBXResourcesBuildPhase;
			buildActionMask = 2147483647;
			files = (
			);
			runOnlyForDeploymentPostprocessing = 0;
		};
/* End PBXResourcesBuildPhase section */

/* Begin PBXSourcesBuildPhase section */
		13054AE32905689D00BD1306 /* Sources */ = {
			isa = PBXSourcesBuildPhase;
			buildActionMask = 2147483647;
			files = (
				AFC34D8E2A88C90200F91C05 /* StartWorkoutView_ViewModel.swift in Sources */,
				AF147C0E2A7E8F3E00095427 /* WorkoutHome_ViewModel.swift in Sources */,
				AF147C2D2A8553BE00095427 /* AddExercise.swift in Sources */,
				AF147C282A8542A300095427 /* Storage.swift in Sources */,
				AFC34D8C2A88C8E800F91C05 /* StartWorkoutView.swift in Sources */,
				AF147C142A802A8800095427 /* Exercises.swift in Sources */,
				13054B2429057D5E00BD1306 /* WorkoutView_ViewModel.swift in Sources */,
				AF76DD6E2A7866F00014A075 /* FinishedWorkouts.swift in Sources */,
				AF147C212A853D2900095427 /* LearnView.swift in Sources */,
				13054B282905812F00BD1306 /* AddExerciseView.swift in Sources */,
				AF76DD692A784BA70014A075 /* Repetition.swift in Sources */,
				13054AED2905689D00BD1306 /* AppTabView.swift in Sources */,
				AF147C122A7E950000095427 /* AppState.swift in Sources */,
				13054B2B2905820B00BD1306 /* Workout.swift in Sources */,
				AF147C252A853D9D00095427 /* Colors.swift in Sources */,
				13054AEB2905689D00BD1306 /* Gym_AppApp.swift in Sources */,
				AF147C102A7E92BD00095427 /* AppDelegate.swift in Sources */,
				AF147C232A853D6900095427 /* ProfileView.swift in Sources */,
				AF76DD672A784B3A0014A075 /* RealExercise.swift in Sources */,
				13054B18290570A300BD1306 /* WorkoutHome.swift in Sources */,
				13054B1A2905716500BD1306 /* AddWorkoutView.swift in Sources */,
				AF147C302A8558A100095427 /* AppConstants.swift in Sources */,
				AFC34D912A890E7000F91C05 /* DateExtension.swift in Sources */,
				AF76DD6C2A7859360014A075 /* RepCell.swift in Sources */,
				13054B1629056D1500BD1306 /* WorkoutView.swift in Sources */,
				13054B222905773A00BD1306 /* Exercise.swift in Sources */,
				AF76DD652A7849CA0014A075 /* RealWorkout.swift in Sources */,
			);
			runOnlyForDeploymentPostprocessing = 0;
		};
		13054AF32905689E00BD1306 /* Sources */ = {
			isa = PBXSourcesBuildPhase;
			buildActionMask = 2147483647;
			files = (
				13054AFC2905689E00BD1306 /* Gym_AppTests.swift in Sources */,
			);
			runOnlyForDeploymentPostprocessing = 0;
		};
		13054AFD2905689E00BD1306 /* Sources */ = {
			isa = PBXSourcesBuildPhase;
			buildActionMask = 2147483647;
			files = (
				13054B082905689E00BD1306 /* Gym_AppUITestsLaunchTests.swift in Sources */,
				13054B062905689E00BD1306 /* Gym_AppUITests.swift in Sources */,
			);
			runOnlyForDeploymentPostprocessing = 0;
		};
/* End PBXSourcesBuildPhase section */

/* Begin PBXTargetDependency section */
		13054AF92905689E00BD1306 /* PBXTargetDependency */ = {
			isa = PBXTargetDependency;
			target = 13054AE62905689D00BD1306 /* Gym-App */;
			targetProxy = 13054AF82905689E00BD1306 /* PBXContainerItemProxy */;
		};
		13054B032905689E00BD1306 /* PBXTargetDependency */ = {
			isa = PBXTargetDependency;
			target = 13054AE62905689D00BD1306 /* Gym-App */;
			targetProxy = 13054B022905689E00BD1306 /* PBXContainerItemProxy */;
		};
/* End PBXTargetDependency section */

/* Begin XCBuildConfiguration section */
		13054B092905689E00BD1306 /* Debug */ = {
			isa = XCBuildConfiguration;
			buildSettings = {
				ALWAYS_SEARCH_USER_PATHS = NO;
				CLANG_ANALYZER_NONNULL = YES;
				CLANG_ANALYZER_NUMBER_OBJECT_CONVERSION = YES_AGGRESSIVE;
				CLANG_CXX_LANGUAGE_STANDARD = "gnu++20";
				CLANG_ENABLE_MODULES = YES;
				CLANG_ENABLE_OBJC_ARC = YES;
				CLANG_ENABLE_OBJC_WEAK = YES;
				CLANG_WARN_BLOCK_CAPTURE_AUTORELEASING = YES;
				CLANG_WARN_BOOL_CONVERSION = YES;
				CLANG_WARN_COMMA = YES;
				CLANG_WARN_CONSTANT_CONVERSION = YES;
				CLANG_WARN_DEPRECATED_OBJC_IMPLEMENTATIONS = YES;
				CLANG_WARN_DIRECT_OBJC_ISA_USAGE = YES_ERROR;
				CLANG_WARN_DOCUMENTATION_COMMENTS = YES;
				CLANG_WARN_EMPTY_BODY = YES;
				CLANG_WARN_ENUM_CONVERSION = YES;
				CLANG_WARN_INFINITE_RECURSION = YES;
				CLANG_WARN_INT_CONVERSION = YES;
				CLANG_WARN_NON_LITERAL_NULL_CONVERSION = YES;
				CLANG_WARN_OBJC_IMPLICIT_RETAIN_SELF = YES;
				CLANG_WARN_OBJC_LITERAL_CONVERSION = YES;
				CLANG_WARN_OBJC_ROOT_CLASS = YES_ERROR;
				CLANG_WARN_QUOTED_INCLUDE_IN_FRAMEWORK_HEADER = YES;
				CLANG_WARN_RANGE_LOOP_ANALYSIS = YES;
				CLANG_WARN_STRICT_PROTOTYPES = YES;
				CLANG_WARN_SUSPICIOUS_MOVE = YES;
				CLANG_WARN_UNGUARDED_AVAILABILITY = YES_AGGRESSIVE;
				CLANG_WARN_UNREACHABLE_CODE = YES;
				CLANG_WARN__DUPLICATE_METHOD_MATCH = YES;
				COPY_PHASE_STRIP = NO;
				DEBUG_INFORMATION_FORMAT = dwarf;
				ENABLE_STRICT_OBJC_MSGSEND = YES;
				ENABLE_TESTABILITY = YES;
				GCC_C_LANGUAGE_STANDARD = gnu11;
				GCC_DYNAMIC_NO_PIC = NO;
				GCC_NO_COMMON_BLOCKS = YES;
				GCC_OPTIMIZATION_LEVEL = 0;
				GCC_PREPROCESSOR_DEFINITIONS = (
					"DEBUG=1",
					"$(inherited)",
				);
				GCC_WARN_64_TO_32_BIT_CONVERSION = YES;
				GCC_WARN_ABOUT_RETURN_TYPE = YES_ERROR;
				GCC_WARN_UNDECLARED_SELECTOR = YES;
				GCC_WARN_UNINITIALIZED_AUTOS = YES_AGGRESSIVE;
				GCC_WARN_UNUSED_FUNCTION = YES;
				GCC_WARN_UNUSED_VARIABLE = YES;
				IPHONEOS_DEPLOYMENT_TARGET = 16.0;
				MTL_ENABLE_DEBUG_INFO = INCLUDE_SOURCE;
				MTL_FAST_MATH = YES;
				ONLY_ACTIVE_ARCH = YES;
				SDKROOT = iphoneos;
				SWIFT_ACTIVE_COMPILATION_CONDITIONS = DEBUG;
				SWIFT_OPTIMIZATION_LEVEL = "-Onone";
			};
			name = Debug;
		};
		13054B0A2905689E00BD1306 /* Release */ = {
			isa = XCBuildConfiguration;
			buildSettings = {
				ALWAYS_SEARCH_USER_PATHS = NO;
				CLANG_ANALYZER_NONNULL = YES;
				CLANG_ANALYZER_NUMBER_OBJECT_CONVERSION = YES_AGGRESSIVE;
				CLANG_CXX_LANGUAGE_STANDARD = "gnu++20";
				CLANG_ENABLE_MODULES = YES;
				CLANG_ENABLE_OBJC_ARC = YES;
				CLANG_ENABLE_OBJC_WEAK = YES;
				CLANG_WARN_BLOCK_CAPTURE_AUTORELEASING = YES;
				CLANG_WARN_BOOL_CONVERSION = YES;
				CLANG_WARN_COMMA = YES;
				CLANG_WARN_CONSTANT_CONVERSION = YES;
				CLANG_WARN_DEPRECATED_OBJC_IMPLEMENTATIONS = YES;
				CLANG_WARN_DIRECT_OBJC_ISA_USAGE = YES_ERROR;
				CLANG_WARN_DOCUMENTATION_COMMENTS = YES;
				CLANG_WARN_EMPTY_BODY = YES;
				CLANG_WARN_ENUM_CONVERSION = YES;
				CLANG_WARN_INFINITE_RECURSION = YES;
				CLANG_WARN_INT_CONVERSION = YES;
				CLANG_WARN_NON_LITERAL_NULL_CONVERSION = YES;
				CLANG_WARN_OBJC_IMPLICIT_RETAIN_SELF = YES;
				CLANG_WARN_OBJC_LITERAL_CONVERSION = YES;
				CLANG_WARN_OBJC_ROOT_CLASS = YES_ERROR;
				CLANG_WARN_QUOTED_INCLUDE_IN_FRAMEWORK_HEADER = YES;
				CLANG_WARN_RANGE_LOOP_ANALYSIS = YES;
				CLANG_WARN_STRICT_PROTOTYPES = YES;
				CLANG_WARN_SUSPICIOUS_MOVE = YES;
				CLANG_WARN_UNGUARDED_AVAILABILITY = YES_AGGRESSIVE;
				CLANG_WARN_UNREACHABLE_CODE = YES;
				CLANG_WARN__DUPLICATE_METHOD_MATCH = YES;
				COPY_PHASE_STRIP = NO;
				DEBUG_INFORMATION_FORMAT = "dwarf-with-dsym";
				ENABLE_NS_ASSERTIONS = NO;
				ENABLE_STRICT_OBJC_MSGSEND = YES;
				GCC_C_LANGUAGE_STANDARD = gnu11;
				GCC_NO_COMMON_BLOCKS = YES;
				GCC_WARN_64_TO_32_BIT_CONVERSION = YES;
				GCC_WARN_ABOUT_RETURN_TYPE = YES_ERROR;
				GCC_WARN_UNDECLARED_SELECTOR = YES;
				GCC_WARN_UNINITIALIZED_AUTOS = YES_AGGRESSIVE;
				GCC_WARN_UNUSED_FUNCTION = YES;
				GCC_WARN_UNUSED_VARIABLE = YES;
				IPHONEOS_DEPLOYMENT_TARGET = 16.0;
				MTL_ENABLE_DEBUG_INFO = NO;
				MTL_FAST_MATH = YES;
				SDKROOT = iphoneos;
				SWIFT_COMPILATION_MODE = wholemodule;
				SWIFT_OPTIMIZATION_LEVEL = "-O";
				VALIDATE_PRODUCT = YES;
			};
			name = Release;
		};
		13054B0C2905689E00BD1306 /* Debug */ = {
			isa = XCBuildConfiguration;
			buildSettings = {
				ASSETCATALOG_COMPILER_APPICON_NAME = AppIcon;
				ASSETCATALOG_COMPILER_GLOBAL_ACCENT_COLOR_NAME = AccentColor;
				CODE_SIGN_STYLE = Automatic;
				CURRENT_PROJECT_VERSION = 1;
				DEVELOPMENT_ASSET_PATHS = "\"Gym-App/Preview Content\"";
				DEVELOPMENT_TEAM = S6R457336R;
				ENABLE_PREVIEWS = YES;
				GENERATE_INFOPLIST_FILE = YES;
				INFOPLIST_FILE = "Gym-App/Info.plist";
				INFOPLIST_KEY_UIApplicationSceneManifest_Generation = YES;
				INFOPLIST_KEY_UIApplicationSupportsIndirectInputEvents = YES;
				INFOPLIST_KEY_UILaunchScreen_Generation = YES;
				INFOPLIST_KEY_UISupportedInterfaceOrientations_iPad = "UIInterfaceOrientationPortrait UIInterfaceOrientationPortraitUpsideDown UIInterfaceOrientationLandscapeLeft UIInterfaceOrientationLandscapeRight";
				INFOPLIST_KEY_UISupportedInterfaceOrientations_iPhone = "UIInterfaceOrientationPortrait UIInterfaceOrientationLandscapeLeft UIInterfaceOrientationLandscapeRight";
				IPHONEOS_DEPLOYMENT_TARGET = 16.0;
				LD_RUNPATH_SEARCH_PATHS = (
					"$(inherited)",
					"@executable_path/Frameworks",
				);
				MARKETING_VERSION = 1.0;
				PRODUCT_BUNDLE_IDENTIFIER = "com.Gym-App";
				PRODUCT_NAME = "$(TARGET_NAME)";
				SWIFT_EMIT_LOC_STRINGS = YES;
				SWIFT_VERSION = 5.0;
				TARGETED_DEVICE_FAMILY = "1,2";
			};
			name = Debug;
		};
		13054B0D2905689E00BD1306 /* Release */ = {
			isa = XCBuildConfiguration;
			buildSettings = {
				ASSETCATALOG_COMPILER_APPICON_NAME = AppIcon;
				ASSETCATALOG_COMPILER_GLOBAL_ACCENT_COLOR_NAME = AccentColor;
				CODE_SIGN_STYLE = Automatic;
				CURRENT_PROJECT_VERSION = 1;
				DEVELOPMENT_ASSET_PATHS = "\"Gym-App/Preview Content\"";
				DEVELOPMENT_TEAM = S6R457336R;
				ENABLE_PREVIEWS = YES;
				GENERATE_INFOPLIST_FILE = YES;
				INFOPLIST_FILE = "Gym-App/Info.plist";
				INFOPLIST_KEY_UIApplicationSceneManifest_Generation = YES;
				INFOPLIST_KEY_UIApplicationSupportsIndirectInputEvents = YES;
				INFOPLIST_KEY_UILaunchScreen_Generation = YES;
				INFOPLIST_KEY_UISupportedInterfaceOrientations_iPad = "UIInterfaceOrientationPortrait UIInterfaceOrientationPortraitUpsideDown UIInterfaceOrientationLandscapeLeft UIInterfaceOrientationLandscapeRight";
				INFOPLIST_KEY_UISupportedInterfaceOrientations_iPhone = "UIInterfaceOrientationPortrait UIInterfaceOrientationLandscapeLeft UIInterfaceOrientationLandscapeRight";
				IPHONEOS_DEPLOYMENT_TARGET = 16.0;
				LD_RUNPATH_SEARCH_PATHS = (
					"$(inherited)",
					"@executable_path/Frameworks",
				);
				MARKETING_VERSION = 1.0;
				PRODUCT_BUNDLE_IDENTIFIER = "com.Gym-App";
				PRODUCT_NAME = "$(TARGET_NAME)";
				SWIFT_EMIT_LOC_STRINGS = YES;
				SWIFT_VERSION = 5.0;
				TARGETED_DEVICE_FAMILY = "1,2";
			};
			name = Release;
		};
		13054B0F2905689E00BD1306 /* Debug */ = {
			isa = XCBuildConfiguration;
			buildSettings = {
				ALWAYS_EMBED_SWIFT_STANDARD_LIBRARIES = YES;
				BUNDLE_LOADER = "$(TEST_HOST)";
				CODE_SIGN_STYLE = Automatic;
				CURRENT_PROJECT_VERSION = 1;
				GENERATE_INFOPLIST_FILE = YES;
				IPHONEOS_DEPLOYMENT_TARGET = 16.0;
				MARKETING_VERSION = 1.0;
				PRODUCT_BUNDLE_IDENTIFIER = "com.Gym-AppTests";
				PRODUCT_NAME = "$(TARGET_NAME)";
				SWIFT_EMIT_LOC_STRINGS = NO;
				SWIFT_VERSION = 5.0;
				TARGETED_DEVICE_FAMILY = "1,2";
				TEST_HOST = "$(BUILT_PRODUCTS_DIR)/Gym-App.app/$(BUNDLE_EXECUTABLE_FOLDER_PATH)/Gym-App";
			};
			name = Debug;
		};
		13054B102905689E00BD1306 /* Release */ = {
			isa = XCBuildConfiguration;
			buildSettings = {
				ALWAYS_EMBED_SWIFT_STANDARD_LIBRARIES = YES;
				BUNDLE_LOADER = "$(TEST_HOST)";
				CODE_SIGN_STYLE = Automatic;
				CURRENT_PROJECT_VERSION = 1;
				GENERATE_INFOPLIST_FILE = YES;
				IPHONEOS_DEPLOYMENT_TARGET = 16.0;
				MARKETING_VERSION = 1.0;
				PRODUCT_BUNDLE_IDENTIFIER = "com.Gym-AppTests";
				PRODUCT_NAME = "$(TARGET_NAME)";
				SWIFT_EMIT_LOC_STRINGS = NO;
				SWIFT_VERSION = 5.0;
				TARGETED_DEVICE_FAMILY = "1,2";
				TEST_HOST = "$(BUILT_PRODUCTS_DIR)/Gym-App.app/$(BUNDLE_EXECUTABLE_FOLDER_PATH)/Gym-App";
			};
			name = Release;
		};
		13054B122905689E00BD1306 /* Debug */ = {
			isa = XCBuildConfiguration;
			buildSettings = {
				ALWAYS_EMBED_SWIFT_STANDARD_LIBRARIES = YES;
				CODE_SIGN_STYLE = Automatic;
				CURRENT_PROJECT_VERSION = 1;
				GENERATE_INFOPLIST_FILE = YES;
				MARKETING_VERSION = 1.0;
				PRODUCT_BUNDLE_IDENTIFIER = "com.Gym-AppUITests";
				PRODUCT_NAME = "$(TARGET_NAME)";
				SWIFT_EMIT_LOC_STRINGS = NO;
				SWIFT_VERSION = 5.0;
				TARGETED_DEVICE_FAMILY = "1,2";
				TEST_TARGET_NAME = "Gym-App";
			};
			name = Debug;
		};
		13054B132905689E00BD1306 /* Release */ = {
			isa = XCBuildConfiguration;
			buildSettings = {
				ALWAYS_EMBED_SWIFT_STANDARD_LIBRARIES = YES;
				CODE_SIGN_STYLE = Automatic;
				CURRENT_PROJECT_VERSION = 1;
				GENERATE_INFOPLIST_FILE = YES;
				MARKETING_VERSION = 1.0;
				PRODUCT_BUNDLE_IDENTIFIER = "com.Gym-AppUITests";
				PRODUCT_NAME = "$(TARGET_NAME)";
				SWIFT_EMIT_LOC_STRINGS = NO;
				SWIFT_VERSION = 5.0;
				TARGETED_DEVICE_FAMILY = "1,2";
				TEST_TARGET_NAME = "Gym-App";
			};
			name = Release;
		};
/* End XCBuildConfiguration section */

/* Begin XCConfigurationList section */
		13054AE22905689D00BD1306 /* Build configuration list for PBXProject "Gym-App" */ = {
			isa = XCConfigurationList;
			buildConfigurations = (
				13054B092905689E00BD1306 /* Debug */,
				13054B0A2905689E00BD1306 /* Release */,
			);
			defaultConfigurationIsVisible = 0;
			defaultConfigurationName = Release;
		};
		13054B0B2905689E00BD1306 /* Build configuration list for PBXNativeTarget "Gym-App" */ = {
			isa = XCConfigurationList;
			buildConfigurations = (
				13054B0C2905689E00BD1306 /* Debug */,
				13054B0D2905689E00BD1306 /* Release */,
			);
			defaultConfigurationIsVisible = 0;
			defaultConfigurationName = Release;
		};
		13054B0E2905689E00BD1306 /* Build configuration list for PBXNativeTarget "Gym-AppTests" */ = {
			isa = XCConfigurationList;
			buildConfigurations = (
				13054B0F2905689E00BD1306 /* Debug */,
				13054B102905689E00BD1306 /* Release */,
			);
			defaultConfigurationIsVisible = 0;
			defaultConfigurationName = Release;
		};
		13054B112905689E00BD1306 /* Build configuration list for PBXNativeTarget "Gym-AppUITests" */ = {
			isa = XCConfigurationList;
			buildConfigurations = (
				13054B122905689E00BD1306 /* Debug */,
				13054B132905689E00BD1306 /* Release */,
			);
			defaultConfigurationIsVisible = 0;
			defaultConfigurationName = Release;
		};
/* End XCConfigurationList section */
	};
	rootObject = 13054ADF2905689D00BD1306 /* Project object */;
}
